// !$*UTF8*$!
{
	archiveVersion = 1;
	classes = {
	};
	objectVersion = 46;
	objects = {

/* Begin PBXBuildFile section */
		0500251E1BA672B70096A46C /* Launch_Screen.storyboard in Resources */ = {isa = PBXBuildFile; fileRef = 0500251D1BA672B70096A46C /* Launch_Screen.storyboard */; };
		0507DB6A177AA0F60099540D /* NIAUTableOfContentsViewController.m in Sources */ = {isa = PBXBuildFile; fileRef = 0507DB69177AA0F60099540D /* NIAUTableOfContentsViewController.m */; };
		0511F13B17BB1E25004B5A72 /* article-body.css in Resources */ = {isa = PBXBuildFile; fileRef = 0511F13A17BB1E24004B5A72 /* article-body.css */; };
		051877D018FD9B9200DCFA24 /* Crashlytics.framework in Frameworks */ = {isa = PBXBuildFile; fileRef = 051877CF18FD9B9200DCFA24 /* Crashlytics.framework */; };
		051A72B1177950D600BDD346 /* default_cover.png in Resources */ = {isa = PBXBuildFile; fileRef = 051A72AF177950D600BDD346 /* default_cover.png */; };
		051A72B2177950D600BDD346 /* default_cover@2x.png in Resources */ = {isa = PBXBuildFile; fileRef = 051A72B0177950D600BDD346 /* default_cover@2x.png */; };
		051AF559184ECE7D00A91A8C /* NIAUCategoriesViewController.m in Sources */ = {isa = PBXBuildFile; fileRef = 051AF558184ECE7D00A91A8C /* NIAUCategoriesViewController.m */; };
		051DD29F18F5F2A8000A1CEA /* ni-logo-grey@2x.png in Resources */ = {isa = PBXBuildFile; fileRef = 051DD29D18F5F2A8000A1CEA /* ni-logo-grey@2x.png */; };
		051DD2A018F5F2A8000A1CEA /* ni-logo-grey.png in Resources */ = {isa = PBXBuildFile; fileRef = 051DD29E18F5F2A8000A1CEA /* ni-logo-grey.png */; };
		051FB64518AC15BF00FA734C /* UIWebViewBack.png in Resources */ = {isa = PBXBuildFile; fileRef = 051FB64118AC15BF00FA734C /* UIWebViewBack.png */; };
		051FB64618AC15BF00FA734C /* UIWebViewBack@2x.png in Resources */ = {isa = PBXBuildFile; fileRef = 051FB64218AC15BF00FA734C /* UIWebViewBack@2x.png */; };
		051FB64718AC15BF00FA734C /* UIWebViewNext.png in Resources */ = {isa = PBXBuildFile; fileRef = 051FB64318AC15BF00FA734C /* UIWebViewNext.png */; };
		051FB64818AC15BF00FA734C /* UIWebViewNext@2x.png in Resources */ = {isa = PBXBuildFile; fileRef = 051FB64418AC15BF00FA734C /* UIWebViewNext@2x.png */; };
		052167E4177BD6DF00A4A81A /* NIAUArticle.m in Sources */ = {isa = PBXBuildFile; fileRef = 052167E3177BD6DF00A4A81A /* NIAUArticle.m */; };
		052167E7177BDF8900A4A81A /* NIAUArticleViewController.m in Sources */ = {isa = PBXBuildFile; fileRef = 052167E6177BDF8900A4A81A /* NIAUArticleViewController.m */; };
		05287A23177983AD00501F5F /* NIAUMagazineArchiveViewController.m in Sources */ = {isa = PBXBuildFile; fileRef = 05BD7F131779656300820EF3 /* NIAUMagazineArchiveViewController.m */; };
		05287A24177983E400501F5F /* NIAUCell.m in Sources */ = {isa = PBXBuildFile; fileRef = 05BD7F151779671900820EF3 /* NIAUCell.m */; };
		0528EC3717850989000175AB /* default_editors_photo.png in Resources */ = {isa = PBXBuildFile; fileRef = 0528EC3617850989000175AB /* default_editors_photo.png */; };
		0528EC3C17853C1F000175AB /* default_article_image.png in Resources */ = {isa = PBXBuildFile; fileRef = 0528EC3817853C1F000175AB /* default_article_image.png */; };
		0528EC3D17853C1F000175AB /* default_article_image@2x.png in Resources */ = {isa = PBXBuildFile; fileRef = 0528EC3917853C1F000175AB /* default_article_image@2x.png */; };
		0528EC3E17853C1F000175AB /* default_featured_image.png in Resources */ = {isa = PBXBuildFile; fileRef = 0528EC3A17853C1F000175AB /* default_featured_image.png */; };
		0528EC3F17853C1F000175AB /* default_featured_image@2x.png in Resources */ = {isa = PBXBuildFile; fileRef = 0528EC3B17853C1F000175AB /* default_featured_image@2x.png */; };
		052A84F817C5E12700D36E6C /* iPad-landscape.png in Resources */ = {isa = PBXBuildFile; fileRef = 055A8F0B1772CF67003D9407 /* iPad-landscape.png */; };
		052A84F917C5E12900D36E6C /* iPad-landscape@2x.png in Resources */ = {isa = PBXBuildFile; fileRef = 055A8F0C1772CF67003D9407 /* iPad-landscape@2x.png */; };
		052A84FA17C5E12D00D36E6C /* iPad-portrait.png in Resources */ = {isa = PBXBuildFile; fileRef = 055A8F0D1772CF67003D9407 /* iPad-portrait.png */; };
		052A84FB17C5E13900D36E6C /* iPad-portrait@2x.png in Resources */ = {isa = PBXBuildFile; fileRef = 055A8F0E1772CF67003D9407 /* iPad-portrait@2x.png */; };
		052A84FC17C5E13900D36E6C /* Default-568h@2x.png in Resources */ = {isa = PBXBuildFile; fileRef = 055A8F091772CBB4003D9407 /* Default-568h@2x.png */; };
		052A84FD17C5E13900D36E6C /* Default@2x.png in Resources */ = {isa = PBXBuildFile; fileRef = 055A8F0A1772CBB4003D9407 /* Default@2x.png */; };
		052A84FE17C5E13900D36E6C /* 29.png in Resources */ = {isa = PBXBuildFile; fileRef = 055A8F021772C72F003D9407 /* 29.png */; };
		052A84FF17C5E13900D36E6C /* 40.png in Resources */ = {isa = PBXBuildFile; fileRef = 05FA184C17A8B83200E023A0 /* 40.png */; };
		052A850017C5E13900D36E6C /* 50.png in Resources */ = {isa = PBXBuildFile; fileRef = 055A8F031772C72F003D9407 /* 50.png */; };
		052A850117C5E13900D36E6C /* 57.png in Resources */ = {isa = PBXBuildFile; fileRef = 05FA185117A8B8AF00E023A0 /* 57.png */; };
		052A850217C5E13900D36E6C /* 58.png in Resources */ = {isa = PBXBuildFile; fileRef = 055A8F041772C72F003D9407 /* 58.png */; };
		052A850317C5E13900D36E6C /* 72.png in Resources */ = {isa = PBXBuildFile; fileRef = 055A8F051772C72F003D9407 /* 72.png */; };
		052A850417C5E13900D36E6C /* 76.png in Resources */ = {isa = PBXBuildFile; fileRef = 05FA185317A8B90000E023A0 /* 76.png */; };
		052A850517C5E13900D36E6C /* 80.png in Resources */ = {isa = PBXBuildFile; fileRef = 05FA184D17A8B83200E023A0 /* 80.png */; };
		052A850617C5E13900D36E6C /* 100.png in Resources */ = {isa = PBXBuildFile; fileRef = 055A8F061772C72F003D9407 /* 100.png */; };
		052A850717C5E13900D36E6C /* 114.png in Resources */ = {isa = PBXBuildFile; fileRef = 05FA185417A8B98000E023A0 /* 114.png */; };
		052A850917C5E13900D36E6C /* 144.png in Resources */ = {isa = PBXBuildFile; fileRef = 055A8F081772C72F003D9407 /* 144.png */; };
		052A850A17C5E13900D36E6C /* 152.png in Resources */ = {isa = PBXBuildFile; fileRef = 05FA185217A8B90000E023A0 /* 152.png */; };
		052BBF8717EFF31D00B12071 /* cover-icon.png in Resources */ = {isa = PBXBuildFile; fileRef = 052BBF8517EFF31D00B12071 /* cover-icon.png */; };
		052BBF8817EFF31D00B12071 /* cover-icon@2x.png in Resources */ = {isa = PBXBuildFile; fileRef = 052BBF8617EFF31D00B12071 /* cover-icon@2x.png */; };
		052BBF8B17EFF6E100B12071 /* home-background.png in Resources */ = {isa = PBXBuildFile; fileRef = 052BBF8917EFF6E100B12071 /* home-background.png */; };
		052BBF8C17EFF6E100B12071 /* home-background@2x.png in Resources */ = {isa = PBXBuildFile; fileRef = 052BBF8A17EFF6E100B12071 /* home-background@2x.png */; };
		052D3A8B187DEED200377021 /* AudioToolbox.framework in Frameworks */ = {isa = PBXBuildFile; fileRef = 052D3A8A187DEED200377021 /* AudioToolbox.framework */; };
		052D3A8D187DEEDC00377021 /* CFNetwork.framework in Frameworks */ = {isa = PBXBuildFile; fileRef = 052D3A8C187DEEDC00377021 /* CFNetwork.framework */; };
		052D3A8F187DEEE900377021 /* CoreLocation.framework in Frameworks */ = {isa = PBXBuildFile; fileRef = 052D3A8E187DEEE900377021 /* CoreLocation.framework */; };
		052D3A93187DEF0400377021 /* MobileCoreServices.framework in Frameworks */ = {isa = PBXBuildFile; fileRef = 052D3A92187DEF0400377021 /* MobileCoreServices.framework */; };
		052D3A95187DEF0D00377021 /* QuartzCore.framework in Frameworks */ = {isa = PBXBuildFile; fileRef = 052D3A94187DEF0D00377021 /* QuartzCore.framework */; };
		052D3A97187DEF1A00377021 /* Security.framework in Frameworks */ = {isa = PBXBuildFile; fileRef = 052D3A96187DEF1A00377021 /* Security.framework */; };
		052D3A99187DEF2600377021 /* SystemConfiguration.framework in Frameworks */ = {isa = PBXBuildFile; fileRef = 052D3A98187DEF2600377021 /* SystemConfiguration.framework */; };
		052D797C18C7FD14000C03C2 /* loading_image.png in Resources */ = {isa = PBXBuildFile; fileRef = 052D797A18C7FD14000C03C2 /* loading_image.png */; };
		052D797D18C7FD14000C03C2 /* loading_image@2x.png in Resources */ = {isa = PBXBuildFile; fileRef = 052D797B18C7FD14000C03C2 /* loading_image@2x.png */; };
		052E32B318E1F74300A1906E /* bootstrap.css in Resources */ = {isa = PBXBuildFile; fileRef = 052E32B218E1F74300A1906E /* bootstrap.css */; };
		052E32B518E1FBAC00A1906E /* fontawesome-webfont.woff in Resources */ = {isa = PBXBuildFile; fileRef = 052E32B418E1FBAC00A1906E /* fontawesome-webfont.woff */; };
		053878261777D767001E60F6 /* NIAUIssue.m in Sources */ = {isa = PBXBuildFile; fileRef = 053878251777D767001E60F6 /* NIAUIssue.m */; };
		0539DE961B857A7700B5772A /* Fabric.framework in Frameworks */ = {isa = PBXBuildFile; fileRef = 0539DE951B857A7700B5772A /* Fabric.framework */; };
		053EB8FF1A0035F500058669 /* Localizable.strings in Resources */ = {isa = PBXBuildFile; fileRef = 053EB9011A0035F500058669 /* Localizable.strings */; };
		05424C361803AD0400399194 /* NIAUStoreViewController.m in Sources */ = {isa = PBXBuildFile; fileRef = 05424C351803AD0400399194 /* NIAUStoreViewController.m */; };
		05424C391803BD7000399194 /* NIAULoginViewController.m in Sources */ = {isa = PBXBuildFile; fileRef = 05424C381803BD7000399194 /* NIAULoginViewController.m */; };
		0550B50018A437C0002E09D4 /* NIAUWebsiteViewController.m in Sources */ = {isa = PBXBuildFile; fileRef = 0550B4FF18A437C0002E09D4 /* NIAUWebsiteViewController.m */; };
		05594CD618B80BC000536D4D /* NIAUInfoViewController.m in Sources */ = {isa = PBXBuildFile; fileRef = 05594CD518B80BC000536D4D /* NIAUInfoViewController.m */; };
		055A8EC6177290CE003D9407 /* Foundation.framework in Frameworks */ = {isa = PBXBuildFile; fileRef = 055A8EC5177290CE003D9407 /* Foundation.framework */; };
		055A8EC8177290CE003D9407 /* CoreGraphics.framework in Frameworks */ = {isa = PBXBuildFile; fileRef = 055A8EC7177290CE003D9407 /* CoreGraphics.framework */; };
		055A8ECA177290CE003D9407 /* UIKit.framework in Frameworks */ = {isa = PBXBuildFile; fileRef = 055A8EC9177290CE003D9407 /* UIKit.framework */; };
		055A8ED0177290CE003D9407 /* InfoPlist.strings in Resources */ = {isa = PBXBuildFile; fileRef = 055A8ECE177290CE003D9407 /* InfoPlist.strings */; };
		055A8ED2177290CF003D9407 /* main.m in Sources */ = {isa = PBXBuildFile; fileRef = 055A8ED1177290CF003D9407 /* main.m */; };
		055A8ED6177290CF003D9407 /* NIAUAppDelegate.m in Sources */ = {isa = PBXBuildFile; fileRef = 055A8ED5177290CF003D9407 /* NIAUAppDelegate.m */; };
		055A8ED9177290CF003D9407 /* Main_iPhone.storyboard in Resources */ = {isa = PBXBuildFile; fileRef = 055A8ED7177290CF003D9407 /* Main_iPhone.storyboard */; };
		055A8EDC177290CF003D9407 /* Main_iPad.storyboard in Resources */ = {isa = PBXBuildFile; fileRef = 055A8EDA177290CF003D9407 /* Main_iPad.storyboard */; };
		055A8EDF177290CF003D9407 /* NIAUViewController.m in Sources */ = {isa = PBXBuildFile; fileRef = 055A8EDE177290CF003D9407 /* NIAUViewController.m */; };
		055A8EE1177290CF003D9407 /* Images.xcassets in Resources */ = {isa = PBXBuildFile; fileRef = 055A8EE0177290CF003D9407 /* Images.xcassets */; };
		055A8EE8177290CF003D9407 /* XCTest.framework in Frameworks */ = {isa = PBXBuildFile; fileRef = 055A8EE7177290CF003D9407 /* XCTest.framework */; };
		055A8EE9177290CF003D9407 /* Foundation.framework in Frameworks */ = {isa = PBXBuildFile; fileRef = 055A8EC5177290CE003D9407 /* Foundation.framework */; };
		055A8EEA177290CF003D9407 /* UIKit.framework in Frameworks */ = {isa = PBXBuildFile; fileRef = 055A8EC9177290CE003D9407 /* UIKit.framework */; };
		055A8EF2177290CF003D9407 /* InfoPlist.strings in Resources */ = {isa = PBXBuildFile; fileRef = 055A8EF0177290CF003D9407 /* InfoPlist.strings */; };
		055A8EF4177290CF003D9407 /* New_Internationalist_Magazine_AustraliaTests.m in Sources */ = {isa = PBXBuildFile; fileRef = 055A8EF3177290CF003D9407 /* New_Internationalist_Magazine_AustraliaTests.m */; };
		0567082817B1D51400A87818 /* default_article_image_table_view.png in Resources */ = {isa = PBXBuildFile; fileRef = 0567082617B1D50A00A87818 /* default_article_image_table_view.png */; };
		0567082917B1D51400A87818 /* default_article_image_table_view@2x.png in Resources */ = {isa = PBXBuildFile; fileRef = 0567082717B1D50A00A87818 /* default_article_image_table_view@2x.png */; };
		0571759018C63C640075A604 /* about.html in Resources */ = {isa = PBXBuildFile; fileRef = 0571758F18C63C640075A604 /* about.html */; };
		0571759218C64A370075A604 /* Settings.bundle in Resources */ = {isa = PBXBuildFile; fileRef = 0571759118C64A370075A604 /* Settings.bundle */; };
		0577E07617FBED0400A52A8E /* StoreKit.framework in Frameworks */ = {isa = PBXBuildFile; fileRef = 0577E07517FBED0400A52A8E /* StoreKit.framework */; };
		0577E07917FBF2B400A52A8E /* NIAUInAppPurchaseHelper.m in Sources */ = {isa = PBXBuildFile; fileRef = 0577E07817FBF2B400A52A8E /* NIAUInAppPurchaseHelper.m */; };
		058E564019C7424800D6AF66 /* NotificationCenter.framework in Frameworks */ = {isa = PBXBuildFile; fileRef = 058E563F19C7424800D6AF66 /* NotificationCenter.framework */; };
		058E564619C7424800D6AF66 /* TodayViewController.m in Sources */ = {isa = PBXBuildFile; fileRef = 058E564519C7424800D6AF66 /* TodayViewController.m */; };
		058E564819C7424800D6AF66 /* MainInterface.storyboard in Resources */ = {isa = PBXBuildFile; fileRef = 058E564719C7424800D6AF66 /* MainInterface.storyboard */; };
		058E564B19C7424800D6AF66 /* New Internationalist Magazine Australia Extension.appex in Embed App Extensions */ = {isa = PBXBuildFile; fileRef = 058E563E19C7424800D6AF66 /* New Internationalist Magazine Australia Extension.appex */; settings = {ATTRIBUTES = (RemoveHeadersOnCopy, ); }; };
		058F738E178BBA3E002CA40C /* NIAUImageZoomViewController.m in Sources */ = {isa = PBXBuildFile; fileRef = 058F738D178BBA3E002CA40C /* NIAUImageZoomViewController.m */; };
		059FFCA0185026F100422824 /* NIAUCategoryViewController.m in Sources */ = {isa = PBXBuildFile; fileRef = 059FFC9F185026F100422824 /* NIAUCategoryViewController.m */; };
		05B0982F19BFD88C0072A88C /* 180.png in Resources */ = {isa = PBXBuildFile; fileRef = 05B0982E19BFD88C0072A88C /* 180.png */; };
		05B0983119BFD8B20072A88C /* 87.png in Resources */ = {isa = PBXBuildFile; fileRef = 05B0983019BFD8B20072A88C /* 87.png */; };
		05B0983319BFDBFF0072A88C /* Default-750x1334@2x.png in Resources */ = {isa = PBXBuildFile; fileRef = 05B0983219BFDBFF0072A88C /* Default-750x1334@2x.png */; };
		05B0983519BFDC7F0072A88C /* Default-1242x2208@3x.png in Resources */ = {isa = PBXBuildFile; fileRef = 05B0983419BFDC7F0072A88C /* Default-1242x2208@3x.png */; };
		05B0983719BFDCCF0072A88C /* Default-1242x2208-landscape@3x.png in Resources */ = {isa = PBXBuildFile; fileRef = 05B0983619BFDCCF0072A88C /* Default-1242x2208-landscape@3x.png */; };
		05B910A0181632050027E5BF /* Reachability.m in Sources */ = {isa = PBXBuildFile; fileRef = 05B9109F181632050027E5BF /* Reachability.m */; };
		05BB6B43180E1802000B2FD3 /* NIAUSearchViewController.m in Sources */ = {isa = PBXBuildFile; fileRef = 05BB6B42180E1802000B2FD3 /* NIAUSearchViewController.m */; };
		05BC3CEB18BE6EFC00769F81 /* new-internationalist-logo.png in Resources */ = {isa = PBXBuildFile; fileRef = 05BC3CE918BE6EFC00769F81 /* new-internationalist-logo.png */; };
		05BC3CEC18BE6EFC00769F81 /* new-internationalist-logo@2x.png in Resources */ = {isa = PBXBuildFile; fileRef = 05BC3CEA18BE6EFC00769F81 /* new-internationalist-logo@2x.png */; };
		05BC3CF018BE7B3C00769F81 /* NIAUHelper.m in Sources */ = {isa = PBXBuildFile; fileRef = 05BC3CEF18BE7B3C00769F81 /* NIAUHelper.m */; };
		05C29EFE188736B1004FC28D /* new-issue.caf in Resources */ = {isa = PBXBuildFile; fileRef = 05C29EFD188736B1004FC28D /* new-issue.caf */; };
		05CAF9E118E9FBC0000BE0BF /* loading_image.gif in Resources */ = {isa = PBXBuildFile; fileRef = 05CAF9DF18E9FBC0000BE0BF /* loading_image.gif */; };
		05CAF9E218E9FBC0000BE0BF /* loading_image@2x.gif in Resources */ = {isa = PBXBuildFile; fileRef = 05CAF9E018E9FBC0000BE0BF /* loading_image@2x.gif */; };
		05D55E9A19745E2100C5B913 /* GTM-W4P6WH in Resources */ = {isa = PBXBuildFile; fileRef = 05D55E9819745E2100C5B913 /* GTM-W4P6WH */; };
		05D55E9B19745E2100C5B913 /* GTM-W4P6WH.plist in Resources */ = {isa = PBXBuildFile; fileRef = 05D55E9919745E2100C5B913 /* GTM-W4P6WH.plist */; };
		05E7839B19C3514E0003D34D /* 120.png in Resources */ = {isa = PBXBuildFile; fileRef = 055A8F071772C72F003D9407 /* 120.png */; };
		05F81FD61C1A840C006D6909 /* 167.png in Resources */ = {isa = PBXBuildFile; fileRef = 05F81FD51C1A840C006D6909 /* 167.png */; };
		05F856CF1864C67E001D1A75 /* NIAUArticleCategoryCell.m in Sources */ = {isa = PBXBuildFile; fileRef = 05F856CE1864C67E001D1A75 /* NIAUArticleCategoryCell.m */; };
		08A7A1CCF6DEC03F2BF15AB6 /* libPods-New Internationalist Magazine Australia.a in Frameworks */ = {isa = PBXBuildFile; fileRef = BC803423D2F743538C4A77A9 /* libPods-New Internationalist Magazine Australia.a */; };
		52090A62178CF7D1002D5162 /* NIAUPublisher.m in Sources */ = {isa = PBXBuildFile; fileRef = 52090A61178CF7D1002D5162 /* NIAUPublisher.m */; };
		528FC17818344C86006BCB44 /* NSData+Cookieless.m in Sources */ = {isa = PBXBuildFile; fileRef = 528FC17718344C86006BCB44 /* NSData+Cookieless.m */; };
		52CD5EE617D896240038A70C /* NIAUCache.m in Sources */ = {isa = PBXBuildFile; fileRef = 52CD5EE517D896240038A70C /* NIAUCache.m */; };
		52CD5EE717D896240038A70C /* NIAUCache.m in Sources */ = {isa = PBXBuildFile; fileRef = 52CD5EE517D896240038A70C /* NIAUCache.m */; };
		52CD5EEC17D8A6DC0038A70C /* NIAUCacheMethod.m in Sources */ = {isa = PBXBuildFile; fileRef = 52CD5EEB17D8A6DC0038A70C /* NIAUCacheMethod.m */; };
		52CD5EED17D8A6DC0038A70C /* NIAUCacheMethod.m in Sources */ = {isa = PBXBuildFile; fileRef = 52CD5EEB17D8A6DC0038A70C /* NIAUCacheMethod.m */; };
		C13EF1F7C6F64FA9AEE3C92E /* libPods-New Internationalist Magazine AustraliaTests.a in Frameworks */ = {isa = PBXBuildFile; fileRef = 404F04905A5F4ACCA9F9CAB7 /* libPods-New Internationalist Magazine AustraliaTests.a */; };
/* End PBXBuildFile section */

/* Begin PBXContainerItemProxy section */
		055A8EEB177290CF003D9407 /* PBXContainerItemProxy */ = {
			isa = PBXContainerItemProxy;
			containerPortal = 055A8EBA177290CE003D9407 /* Project object */;
			proxyType = 1;
			remoteGlobalIDString = 055A8EC1177290CE003D9407;
			remoteInfo = "New Internationalist Magazine Australia";
		};
		058E564919C7424800D6AF66 /* PBXContainerItemProxy */ = {
			isa = PBXContainerItemProxy;
			containerPortal = 055A8EBA177290CE003D9407 /* Project object */;
			proxyType = 1;
			remoteGlobalIDString = 058E563D19C7424800D6AF66;
			remoteInfo = "New Internationalist Magazine Australia Extension";
		};
		058E564C19C7424800D6AF66 /* PBXContainerItemProxy */ = {
			isa = PBXContainerItemProxy;
			containerPortal = 055A8EBA177290CE003D9407 /* Project object */;
			proxyType = 1;
			remoteGlobalIDString = 058E563D19C7424800D6AF66;
			remoteInfo = "New Internationalist Magazine Australia Extension";
		};
/* End PBXContainerItemProxy section */

/* Begin PBXCopyFilesBuildPhase section */
		058E565119C7424800D6AF66 /* Embed App Extensions */ = {
			isa = PBXCopyFilesBuildPhase;
			buildActionMask = 2147483647;
			dstPath = "";
			dstSubfolderSpec = 13;
			files = (
				058E564B19C7424800D6AF66 /* New Internationalist Magazine Australia Extension.appex in Embed App Extensions */,
			);
			name = "Embed App Extensions";
			runOnlyForDeploymentPostprocessing = 0;
		};
/* End PBXCopyFilesBuildPhase section */

/* Begin PBXFileReference section */
		0500251D1BA672B70096A46C /* Launch_Screen.storyboard */ = {isa = PBXFileReference; fileEncoding = 4; lastKnownFileType = file.storyboard; path = Launch_Screen.storyboard; sourceTree = "<group>"; };
		0507DB68177AA0F60099540D /* NIAUTableOfContentsViewController.h */ = {isa = PBXFileReference; fileEncoding = 4; lastKnownFileType = sourcecode.c.h; path = NIAUTableOfContentsViewController.h; sourceTree = "<group>"; };
		0507DB69177AA0F60099540D /* NIAUTableOfContentsViewController.m */ = {isa = PBXFileReference; fileEncoding = 4; lastKnownFileType = sourcecode.c.objc; path = NIAUTableOfContentsViewController.m; sourceTree = "<group>"; };
		050C3C2B1A1E55DC00B4CA3D /* en-AU */ = {isa = PBXFileReference; lastKnownFileType = text.plist.strings; name = "en-AU"; path = "en-AU.lproj/Localizable.strings"; sourceTree = "<group>"; };
		050C3C2C1A1E566800B4CA3D /* en-CA */ = {isa = PBXFileReference; lastKnownFileType = text.plist.strings; name = "en-CA"; path = "en-CA.lproj/Main_iPhone.strings"; sourceTree = "<group>"; };
		050C3C2D1A1E566800B4CA3D /* en-CA */ = {isa = PBXFileReference; lastKnownFileType = text.plist.strings; name = "en-CA"; path = "en-CA.lproj/Main_iPad.strings"; sourceTree = "<group>"; };
		050C3C2E1A1E566800B4CA3D /* en-CA */ = {isa = PBXFileReference; lastKnownFileType = text.plist.strings; name = "en-CA"; path = "en-CA.lproj/Localizable.strings"; sourceTree = "<group>"; };
		050C3C2F1A1E566900B4CA3D /* en-CA */ = {isa = PBXFileReference; lastKnownFileType = text.plist.strings; name = "en-CA"; path = "en-CA.lproj/InfoPlist.strings"; sourceTree = "<group>"; };
		050C3C301A1E566900B4CA3D /* en-CA */ = {isa = PBXFileReference; lastKnownFileType = text.plist.strings; name = "en-CA"; path = "en-CA.lproj/InfoPlist.strings"; sourceTree = "<group>"; };
		0511F13A17BB1E24004B5A72 /* article-body.css */ = {isa = PBXFileReference; fileEncoding = 4; lastKnownFileType = text.css; path = "article-body.css"; sourceTree = "<group>"; };
		051877CF18FD9B9200DCFA24 /* Crashlytics.framework */ = {isa = PBXFileReference; lastKnownFileType = wrapper.framework; path = Crashlytics.framework; sourceTree = "<group>"; };
		051A72AF177950D600BDD346 /* default_cover.png */ = {isa = PBXFileReference; lastKnownFileType = image.png; path = default_cover.png; sourceTree = "<group>"; };
		051A72B0177950D600BDD346 /* default_cover@2x.png */ = {isa = PBXFileReference; lastKnownFileType = image.png; path = "default_cover@2x.png"; sourceTree = "<group>"; };
		051AF557184ECE7D00A91A8C /* NIAUCategoriesViewController.h */ = {isa = PBXFileReference; fileEncoding = 4; lastKnownFileType = sourcecode.c.h; path = NIAUCategoriesViewController.h; sourceTree = "<group>"; };
		051AF558184ECE7D00A91A8C /* NIAUCategoriesViewController.m */ = {isa = PBXFileReference; fileEncoding = 4; lastKnownFileType = sourcecode.c.objc; path = NIAUCategoriesViewController.m; sourceTree = "<group>"; };
		051DD29D18F5F2A8000A1CEA /* ni-logo-grey@2x.png */ = {isa = PBXFileReference; lastKnownFileType = image.png; path = "ni-logo-grey@2x.png"; sourceTree = "<group>"; };
		051DD29E18F5F2A8000A1CEA /* ni-logo-grey.png */ = {isa = PBXFileReference; lastKnownFileType = image.png; path = "ni-logo-grey.png"; sourceTree = "<group>"; };
		051FB64118AC15BF00FA734C /* UIWebViewBack.png */ = {isa = PBXFileReference; lastKnownFileType = image.png; path = UIWebViewBack.png; sourceTree = "<group>"; };
		051FB64218AC15BF00FA734C /* UIWebViewBack@2x.png */ = {isa = PBXFileReference; lastKnownFileType = image.png; path = "UIWebViewBack@2x.png"; sourceTree = "<group>"; };
		051FB64318AC15BF00FA734C /* UIWebViewNext.png */ = {isa = PBXFileReference; lastKnownFileType = image.png; path = UIWebViewNext.png; sourceTree = "<group>"; };
		051FB64418AC15BF00FA734C /* UIWebViewNext@2x.png */ = {isa = PBXFileReference; lastKnownFileType = image.png; path = "UIWebViewNext@2x.png"; sourceTree = "<group>"; };
		052167E2177BD6DF00A4A81A /* NIAUArticle.h */ = {isa = PBXFileReference; fileEncoding = 4; lastKnownFileType = sourcecode.c.h; path = NIAUArticle.h; sourceTree = "<group>"; };
		052167E3177BD6DF00A4A81A /* NIAUArticle.m */ = {isa = PBXFileReference; fileEncoding = 4; lastKnownFileType = sourcecode.c.objc; path = NIAUArticle.m; sourceTree = "<group>"; };
		052167E5177BDF8900A4A81A /* NIAUArticleViewController.h */ = {isa = PBXFileReference; fileEncoding = 4; lastKnownFileType = sourcecode.c.h; path = NIAUArticleViewController.h; sourceTree = "<group>"; };
		052167E6177BDF8900A4A81A /* NIAUArticleViewController.m */ = {isa = PBXFileReference; fileEncoding = 4; lastKnownFileType = sourcecode.c.objc; path = NIAUArticleViewController.m; sourceTree = "<group>"; };
		0528EC3617850989000175AB /* default_editors_photo.png */ = {isa = PBXFileReference; lastKnownFileType = image.png; path = default_editors_photo.png; sourceTree = "<group>"; };
		0528EC3817853C1F000175AB /* default_article_image.png */ = {isa = PBXFileReference; lastKnownFileType = image.png; path = default_article_image.png; sourceTree = "<group>"; };
		0528EC3917853C1F000175AB /* default_article_image@2x.png */ = {isa = PBXFileReference; lastKnownFileType = image.png; path = "default_article_image@2x.png"; sourceTree = "<group>"; };
		0528EC3A17853C1F000175AB /* default_featured_image.png */ = {isa = PBXFileReference; lastKnownFileType = image.png; path = default_featured_image.png; sourceTree = "<group>"; };
		0528EC3B17853C1F000175AB /* default_featured_image@2x.png */ = {isa = PBXFileReference; lastKnownFileType = image.png; path = "default_featured_image@2x.png"; sourceTree = "<group>"; };
		052BBF8517EFF31D00B12071 /* cover-icon.png */ = {isa = PBXFileReference; lastKnownFileType = image.png; path = "cover-icon.png"; sourceTree = "<group>"; };
		052BBF8617EFF31D00B12071 /* cover-icon@2x.png */ = {isa = PBXFileReference; lastKnownFileType = image.png; path = "cover-icon@2x.png"; sourceTree = "<group>"; };
		052BBF8917EFF6E100B12071 /* home-background.png */ = {isa = PBXFileReference; lastKnownFileType = image.png; path = "home-background.png"; sourceTree = "<group>"; };
		052BBF8A17EFF6E100B12071 /* home-background@2x.png */ = {isa = PBXFileReference; lastKnownFileType = image.png; path = "home-background@2x.png"; sourceTree = "<group>"; };
		052D3A8A187DEED200377021 /* AudioToolbox.framework */ = {isa = PBXFileReference; lastKnownFileType = wrapper.framework; name = AudioToolbox.framework; path = System/Library/Frameworks/AudioToolbox.framework; sourceTree = SDKROOT; };
		052D3A8C187DEEDC00377021 /* CFNetwork.framework */ = {isa = PBXFileReference; lastKnownFileType = wrapper.framework; name = CFNetwork.framework; path = System/Library/Frameworks/CFNetwork.framework; sourceTree = SDKROOT; };
		052D3A8E187DEEE900377021 /* CoreLocation.framework */ = {isa = PBXFileReference; lastKnownFileType = wrapper.framework; name = CoreLocation.framework; path = System/Library/Frameworks/CoreLocation.framework; sourceTree = SDKROOT; };
		052D3A90187DEEFA00377021 /* libz.1.1.3.dylib */ = {isa = PBXFileReference; lastKnownFileType = "compiled.mach-o.dylib"; name = libz.1.1.3.dylib; path = usr/lib/libz.1.1.3.dylib; sourceTree = SDKROOT; };
		052D3A92187DEF0400377021 /* MobileCoreServices.framework */ = {isa = PBXFileReference; lastKnownFileType = wrapper.framework; name = MobileCoreServices.framework; path = System/Library/Frameworks/MobileCoreServices.framework; sourceTree = SDKROOT; };
		052D3A94187DEF0D00377021 /* QuartzCore.framework */ = {isa = PBXFileReference; lastKnownFileType = wrapper.framework; name = QuartzCore.framework; path = System/Library/Frameworks/QuartzCore.framework; sourceTree = SDKROOT; };
		052D3A96187DEF1A00377021 /* Security.framework */ = {isa = PBXFileReference; lastKnownFileType = wrapper.framework; name = Security.framework; path = System/Library/Frameworks/Security.framework; sourceTree = SDKROOT; };
		052D3A98187DEF2600377021 /* SystemConfiguration.framework */ = {isa = PBXFileReference; lastKnownFileType = wrapper.framework; name = SystemConfiguration.framework; path = System/Library/Frameworks/SystemConfiguration.framework; sourceTree = SDKROOT; };
		052D797A18C7FD14000C03C2 /* loading_image.png */ = {isa = PBXFileReference; lastKnownFileType = image.png; path = loading_image.png; sourceTree = "<group>"; };
		052D797B18C7FD14000C03C2 /* loading_image@2x.png */ = {isa = PBXFileReference; lastKnownFileType = image.png; path = "loading_image@2x.png"; sourceTree = "<group>"; };
		052E32B218E1F74300A1906E /* bootstrap.css */ = {isa = PBXFileReference; fileEncoding = 4; lastKnownFileType = text.css; path = bootstrap.css; sourceTree = "<group>"; };
		052E32B418E1FBAC00A1906E /* fontawesome-webfont.woff */ = {isa = PBXFileReference; lastKnownFileType = file; path = "fontawesome-webfont.woff"; sourceTree = "<group>"; };
		053878241777D767001E60F6 /* NIAUIssue.h */ = {isa = PBXFileReference; fileEncoding = 4; lastKnownFileType = sourcecode.c.h; path = NIAUIssue.h; sourceTree = "<group>"; };
		053878251777D767001E60F6 /* NIAUIssue.m */ = {isa = PBXFileReference; fileEncoding = 4; lastKnownFileType = sourcecode.c.objc; path = NIAUIssue.m; sourceTree = "<group>"; };
		0539DE951B857A7700B5772A /* Fabric.framework */ = {isa = PBXFileReference; lastKnownFileType = wrapper.framework; path = Fabric.framework; sourceTree = "<group>"; };
		053EB8F11A002ABC00058669 /* en-GB */ = {isa = PBXFileReference; lastKnownFileType = text.plist.strings; name = "en-GB"; path = "en-GB.lproj/Main_iPhone.strings"; sourceTree = "<group>"; };
		053EB8F21A002ABC00058669 /* en-GB */ = {isa = PBXFileReference; lastKnownFileType = text.plist.strings; name = "en-GB"; path = "en-GB.lproj/Main_iPad.strings"; sourceTree = "<group>"; };
		053EB8F31A002ABC00058669 /* en-GB */ = {isa = PBXFileReference; lastKnownFileType = text.plist.strings; name = "en-GB"; path = "en-GB.lproj/InfoPlist.strings"; sourceTree = "<group>"; };
		053EB8F41A002ABC00058669 /* en-GB */ = {isa = PBXFileReference; lastKnownFileType = text.plist.strings; name = "en-GB"; path = "en-GB.lproj/InfoPlist.strings"; sourceTree = "<group>"; };
		053EB8F51A002DDA00058669 /* en-AU */ = {isa = PBXFileReference; lastKnownFileType = text.plist.strings; name = "en-AU"; path = "en-AU.lproj/Main_iPhone.strings"; sourceTree = "<group>"; };
		053EB8F61A002DDA00058669 /* en-AU */ = {isa = PBXFileReference; lastKnownFileType = text.plist.strings; name = "en-AU"; path = "en-AU.lproj/Main_iPad.strings"; sourceTree = "<group>"; };
		053EB8F71A002DDA00058669 /* en-AU */ = {isa = PBXFileReference; lastKnownFileType = text.plist.strings; name = "en-AU"; path = "en-AU.lproj/InfoPlist.strings"; sourceTree = "<group>"; };
		053EB8F81A002DDA00058669 /* en-AU */ = {isa = PBXFileReference; lastKnownFileType = text.plist.strings; name = "en-AU"; path = "en-AU.lproj/InfoPlist.strings"; sourceTree = "<group>"; };
		053EB8F91A002EB600058669 /* en-US */ = {isa = PBXFileReference; lastKnownFileType = text.plist.strings; name = "en-US"; path = "en-US.lproj/Main_iPhone.strings"; sourceTree = "<group>"; };
		053EB8FA1A002EB600058669 /* en-US */ = {isa = PBXFileReference; lastKnownFileType = text.plist.strings; name = "en-US"; path = "en-US.lproj/Main_iPad.strings"; sourceTree = "<group>"; };
		053EB8FB1A002EB600058669 /* en-US */ = {isa = PBXFileReference; lastKnownFileType = text.plist.strings; name = "en-US"; path = "en-US.lproj/InfoPlist.strings"; sourceTree = "<group>"; };
		053EB8FC1A002EB600058669 /* en-US */ = {isa = PBXFileReference; lastKnownFileType = text.plist.strings; name = "en-US"; path = "en-US.lproj/InfoPlist.strings"; sourceTree = "<group>"; };
		053EB9001A0035F500058669 /* Base */ = {isa = PBXFileReference; lastKnownFileType = text.plist.strings; name = Base; path = Base.lproj/Localizable.strings; sourceTree = "<group>"; };
		053EB9031A00367800058669 /* en-GB */ = {isa = PBXFileReference; lastKnownFileType = text.plist.strings; name = "en-GB"; path = "en-GB.lproj/Localizable.strings"; sourceTree = "<group>"; };
		05424C341803AD0400399194 /* NIAUStoreViewController.h */ = {isa = PBXFileReference; fileEncoding = 4; lastKnownFileType = sourcecode.c.h; path = NIAUStoreViewController.h; sourceTree = "<group>"; };
		05424C351803AD0400399194 /* NIAUStoreViewController.m */ = {isa = PBXFileReference; fileEncoding = 4; lastKnownFileType = sourcecode.c.objc; path = NIAUStoreViewController.m; sourceTree = "<group>"; };
		05424C371803BD7000399194 /* NIAULoginViewController.h */ = {isa = PBXFileReference; fileEncoding = 4; lastKnownFileType = sourcecode.c.h; path = NIAULoginViewController.h; sourceTree = "<group>"; };
		05424C381803BD7000399194 /* NIAULoginViewController.m */ = {isa = PBXFileReference; fileEncoding = 4; lastKnownFileType = sourcecode.c.objc; path = NIAULoginViewController.m; sourceTree = "<group>"; };
		0550B4FE18A437C0002E09D4 /* NIAUWebsiteViewController.h */ = {isa = PBXFileReference; fileEncoding = 4; lastKnownFileType = sourcecode.c.h; path = NIAUWebsiteViewController.h; sourceTree = "<group>"; };
		0550B4FF18A437C0002E09D4 /* NIAUWebsiteViewController.m */ = {isa = PBXFileReference; fileEncoding = 4; lastKnownFileType = sourcecode.c.objc; path = NIAUWebsiteViewController.m; sourceTree = "<group>"; };
		05594CD418B80BC000536D4D /* NIAUInfoViewController.h */ = {isa = PBXFileReference; fileEncoding = 4; lastKnownFileType = sourcecode.c.h; path = NIAUInfoViewController.h; sourceTree = "<group>"; };
		05594CD518B80BC000536D4D /* NIAUInfoViewController.m */ = {isa = PBXFileReference; fileEncoding = 4; lastKnownFileType = sourcecode.c.objc; path = NIAUInfoViewController.m; sourceTree = "<group>"; };
		055A8EC2177290CE003D9407 /* New Internationalist Magazine Australia.app */ = {isa = PBXFileReference; explicitFileType = wrapper.application; includeInIndex = 0; path = "New Internationalist Magazine Australia.app"; sourceTree = BUILT_PRODUCTS_DIR; };
		055A8EC5177290CE003D9407 /* Foundation.framework */ = {isa = PBXFileReference; lastKnownFileType = wrapper.framework; name = Foundation.framework; path = System/Library/Frameworks/Foundation.framework; sourceTree = SDKROOT; };
		055A8EC7177290CE003D9407 /* CoreGraphics.framework */ = {isa = PBXFileReference; lastKnownFileType = wrapper.framework; name = CoreGraphics.framework; path = System/Library/Frameworks/CoreGraphics.framework; sourceTree = SDKROOT; };
		055A8EC9177290CE003D9407 /* UIKit.framework */ = {isa = PBXFileReference; lastKnownFileType = wrapper.framework; name = UIKit.framework; path = System/Library/Frameworks/UIKit.framework; sourceTree = SDKROOT; };
		055A8ECD177290CE003D9407 /* New Internationalist Magazine Australia-Info.plist */ = {isa = PBXFileReference; lastKnownFileType = text.plist.xml; path = "New Internationalist Magazine Australia-Info.plist"; sourceTree = "<group>"; };
		055A8ECF177290CE003D9407 /* en */ = {isa = PBXFileReference; lastKnownFileType = text.plist.strings; name = en; path = en.lproj/InfoPlist.strings; sourceTree = "<group>"; };
		055A8ED1177290CF003D9407 /* main.m */ = {isa = PBXFileReference; lastKnownFileType = sourcecode.c.objc; path = main.m; sourceTree = "<group>"; };
		055A8ED3177290CF003D9407 /* New Internationalist Magazine Australia-Prefix.pch */ = {isa = PBXFileReference; lastKnownFileType = sourcecode.c.h; path = "New Internationalist Magazine Australia-Prefix.pch"; sourceTree = "<group>"; };
		055A8ED4177290CF003D9407 /* NIAUAppDelegate.h */ = {isa = PBXFileReference; lastKnownFileType = sourcecode.c.h; path = NIAUAppDelegate.h; sourceTree = "<group>"; };
		055A8ED5177290CF003D9407 /* NIAUAppDelegate.m */ = {isa = PBXFileReference; lastKnownFileType = sourcecode.c.objc; path = NIAUAppDelegate.m; sourceTree = "<group>"; };
		055A8ED8177290CF003D9407 /* Base */ = {isa = PBXFileReference; lastKnownFileType = file.storyboard; name = Base; path = Base.lproj/Main_iPhone.storyboard; sourceTree = "<group>"; };
		055A8EDB177290CF003D9407 /* Base */ = {isa = PBXFileReference; lastKnownFileType = file.storyboard; name = Base; path = Base.lproj/Main_iPad.storyboard; sourceTree = "<group>"; };
		055A8EDD177290CF003D9407 /* NIAUViewController.h */ = {isa = PBXFileReference; lastKnownFileType = sourcecode.c.h; path = NIAUViewController.h; sourceTree = "<group>"; };
		055A8EDE177290CF003D9407 /* NIAUViewController.m */ = {isa = PBXFileReference; lastKnownFileType = sourcecode.c.objc; path = NIAUViewController.m; sourceTree = "<group>"; };
		055A8EE0177290CF003D9407 /* Images.xcassets */ = {isa = PBXFileReference; lastKnownFileType = folder.assetcatalog; path = Images.xcassets; sourceTree = "<group>"; };
		055A8EE6177290CF003D9407 /* New Internationalist Magazine AustraliaTests.xctest */ = {isa = PBXFileReference; explicitFileType = wrapper.cfbundle; includeInIndex = 0; path = "New Internationalist Magazine AustraliaTests.xctest"; sourceTree = BUILT_PRODUCTS_DIR; };
		055A8EE7177290CF003D9407 /* XCTest.framework */ = {isa = PBXFileReference; lastKnownFileType = wrapper.framework; name = XCTest.framework; path = Library/Frameworks/XCTest.framework; sourceTree = DEVELOPER_DIR; };
		055A8EEF177290CF003D9407 /* New Internationalist Magazine AustraliaTests-Info.plist */ = {isa = PBXFileReference; lastKnownFileType = text.plist.xml; path = "New Internationalist Magazine AustraliaTests-Info.plist"; sourceTree = "<group>"; };
		055A8EF1177290CF003D9407 /* en */ = {isa = PBXFileReference; lastKnownFileType = text.plist.strings; name = en; path = en.lproj/InfoPlist.strings; sourceTree = "<group>"; };
		055A8EF3177290CF003D9407 /* New_Internationalist_Magazine_AustraliaTests.m */ = {isa = PBXFileReference; lastKnownFileType = sourcecode.c.objc; path = New_Internationalist_Magazine_AustraliaTests.m; sourceTree = "<group>"; };
		055A8F021772C72F003D9407 /* 29.png */ = {isa = PBXFileReference; lastKnownFileType = image.png; path = 29.png; sourceTree = "<group>"; };
		055A8F031772C72F003D9407 /* 50.png */ = {isa = PBXFileReference; lastKnownFileType = image.png; path = 50.png; sourceTree = "<group>"; };
		055A8F041772C72F003D9407 /* 58.png */ = {isa = PBXFileReference; lastKnownFileType = image.png; path = 58.png; sourceTree = "<group>"; };
		055A8F051772C72F003D9407 /* 72.png */ = {isa = PBXFileReference; lastKnownFileType = image.png; path = 72.png; sourceTree = "<group>"; };
		055A8F061772C72F003D9407 /* 100.png */ = {isa = PBXFileReference; lastKnownFileType = image.png; path = 100.png; sourceTree = "<group>"; };
		055A8F071772C72F003D9407 /* 120.png */ = {isa = PBXFileReference; lastKnownFileType = image.png; path = 120.png; sourceTree = "<group>"; };
		055A8F081772C72F003D9407 /* 144.png */ = {isa = PBXFileReference; lastKnownFileType = image.png; path = 144.png; sourceTree = "<group>"; };
		055A8F091772CBB4003D9407 /* Default-568h@2x.png */ = {isa = PBXFileReference; lastKnownFileType = image.png; path = "Default-568h@2x.png"; sourceTree = "<group>"; };
		055A8F0A1772CBB4003D9407 /* Default@2x.png */ = {isa = PBXFileReference; lastKnownFileType = image.png; path = "Default@2x.png"; sourceTree = "<group>"; };
		055A8F0B1772CF67003D9407 /* iPad-landscape.png */ = {isa = PBXFileReference; lastKnownFileType = image.png; path = "iPad-landscape.png"; sourceTree = "<group>"; };
		055A8F0C1772CF67003D9407 /* iPad-landscape@2x.png */ = {isa = PBXFileReference; lastKnownFileType = image.png; path = "iPad-landscape@2x.png"; sourceTree = "<group>"; };
		055A8F0D1772CF67003D9407 /* iPad-portrait.png */ = {isa = PBXFileReference; lastKnownFileType = image.png; path = "iPad-portrait.png"; sourceTree = "<group>"; };
		055A8F0E1772CF67003D9407 /* iPad-portrait@2x.png */ = {isa = PBXFileReference; lastKnownFileType = image.png; path = "iPad-portrait@2x.png"; sourceTree = "<group>"; };
		0567082617B1D50A00A87818 /* default_article_image_table_view.png */ = {isa = PBXFileReference; lastKnownFileType = image.png; path = default_article_image_table_view.png; sourceTree = "<group>"; };
		0567082717B1D50A00A87818 /* default_article_image_table_view@2x.png */ = {isa = PBXFileReference; lastKnownFileType = image.png; path = "default_article_image_table_view@2x.png"; sourceTree = "<group>"; };
		0571758F18C63C640075A604 /* about.html */ = {isa = PBXFileReference; fileEncoding = 4; lastKnownFileType = text.html; path = about.html; sourceTree = "<group>"; };
		0571759118C64A370075A604 /* Settings.bundle */ = {isa = PBXFileReference; lastKnownFileType = "wrapper.plug-in"; path = Settings.bundle; sourceTree = "<group>"; };
		0577E07517FBED0400A52A8E /* StoreKit.framework */ = {isa = PBXFileReference; lastKnownFileType = wrapper.framework; name = StoreKit.framework; path = System/Library/Frameworks/StoreKit.framework; sourceTree = SDKROOT; };
		0577E07717FBF2B400A52A8E /* NIAUInAppPurchaseHelper.h */ = {isa = PBXFileReference; fileEncoding = 4; lastKnownFileType = sourcecode.c.h; path = NIAUInAppPurchaseHelper.h; sourceTree = "<group>"; };
		0577E07817FBF2B400A52A8E /* NIAUInAppPurchaseHelper.m */ = {isa = PBXFileReference; fileEncoding = 4; lastKnownFileType = sourcecode.c.objc; path = NIAUInAppPurchaseHelper.m; sourceTree = "<group>"; };
		058E563E19C7424800D6AF66 /* New Internationalist Magazine Australia Extension.appex */ = {isa = PBXFileReference; explicitFileType = "wrapper.app-extension"; includeInIndex = 0; path = "New Internationalist Magazine Australia Extension.appex"; sourceTree = BUILT_PRODUCTS_DIR; };
		058E563F19C7424800D6AF66 /* NotificationCenter.framework */ = {isa = PBXFileReference; lastKnownFileType = wrapper.framework; name = NotificationCenter.framework; path = System/Library/Frameworks/NotificationCenter.framework; sourceTree = SDKROOT; };
		058E564319C7424800D6AF66 /* Info.plist */ = {isa = PBXFileReference; lastKnownFileType = text.plist.xml; path = Info.plist; sourceTree = "<group>"; };
		058E564419C7424800D6AF66 /* TodayViewController.h */ = {isa = PBXFileReference; lastKnownFileType = sourcecode.c.h; path = TodayViewController.h; sourceTree = "<group>"; };
		058E564519C7424800D6AF66 /* TodayViewController.m */ = {isa = PBXFileReference; lastKnownFileType = sourcecode.c.objc; path = TodayViewController.m; sourceTree = "<group>"; };
		058E564719C7424800D6AF66 /* MainInterface.storyboard */ = {isa = PBXFileReference; lastKnownFileType = file.storyboard; path = MainInterface.storyboard; sourceTree = "<group>"; };
		058E565219C77FA300D6AF66 /* New Internationalist Magazine Australia.entitlements */ = {isa = PBXFileReference; lastKnownFileType = text.xml; path = "New Internationalist Magazine Australia.entitlements"; sourceTree = "<group>"; };
		058E565319C7802800D6AF66 /* New Internationalist Magazine Australia Extension.entitlements */ = {isa = PBXFileReference; lastKnownFileType = text.xml; path = "New Internationalist Magazine Australia Extension.entitlements"; sourceTree = "<group>"; };
		058F738C178BBA3E002CA40C /* NIAUImageZoomViewController.h */ = {isa = PBXFileReference; fileEncoding = 4; lastKnownFileType = sourcecode.c.h; path = NIAUImageZoomViewController.h; sourceTree = "<group>"; };
		058F738D178BBA3E002CA40C /* NIAUImageZoomViewController.m */ = {isa = PBXFileReference; fileEncoding = 4; lastKnownFileType = sourcecode.c.objc; path = NIAUImageZoomViewController.m; sourceTree = "<group>"; };
		059FFC9E185026F100422824 /* NIAUCategoryViewController.h */ = {isa = PBXFileReference; fileEncoding = 4; lastKnownFileType = sourcecode.c.h; path = NIAUCategoryViewController.h; sourceTree = "<group>"; };
		059FFC9F185026F100422824 /* NIAUCategoryViewController.m */ = {isa = PBXFileReference; fileEncoding = 4; lastKnownFileType = sourcecode.c.objc; path = NIAUCategoryViewController.m; sourceTree = "<group>"; };
		05B0982E19BFD88C0072A88C /* 180.png */ = {isa = PBXFileReference; lastKnownFileType = image.png; path = 180.png; sourceTree = "<group>"; };
		05B0983019BFD8B20072A88C /* 87.png */ = {isa = PBXFileReference; lastKnownFileType = image.png; path = 87.png; sourceTree = "<group>"; };
		05B0983219BFDBFF0072A88C /* Default-750x1334@2x.png */ = {isa = PBXFileReference; lastKnownFileType = image.png; path = "Default-750x1334@2x.png"; sourceTree = "<group>"; };
		05B0983419BFDC7F0072A88C /* Default-1242x2208@3x.png */ = {isa = PBXFileReference; lastKnownFileType = image.png; path = "Default-1242x2208@3x.png"; sourceTree = "<group>"; };
		05B0983619BFDCCF0072A88C /* Default-1242x2208-landscape@3x.png */ = {isa = PBXFileReference; lastKnownFileType = image.png; path = "Default-1242x2208-landscape@3x.png"; sourceTree = "<group>"; };
		05B9109E181632050027E5BF /* Reachability.h */ = {isa = PBXFileReference; fileEncoding = 4; lastKnownFileType = sourcecode.c.h; path = Reachability.h; sourceTree = "<group>"; };
		05B9109F181632050027E5BF /* Reachability.m */ = {isa = PBXFileReference; fileEncoding = 4; lastKnownFileType = sourcecode.c.objc; path = Reachability.m; sourceTree = "<group>"; };
		05BB6B41180E1802000B2FD3 /* NIAUSearchViewController.h */ = {isa = PBXFileReference; fileEncoding = 4; lastKnownFileType = sourcecode.c.h; path = NIAUSearchViewController.h; sourceTree = "<group>"; };
		05BB6B42180E1802000B2FD3 /* NIAUSearchViewController.m */ = {isa = PBXFileReference; fileEncoding = 4; lastKnownFileType = sourcecode.c.objc; path = NIAUSearchViewController.m; sourceTree = "<group>"; };
		05BC3CE918BE6EFC00769F81 /* new-internationalist-logo.png */ = {isa = PBXFileReference; lastKnownFileType = image.png; path = "new-internationalist-logo.png"; sourceTree = "<group>"; };
		05BC3CEA18BE6EFC00769F81 /* new-internationalist-logo@2x.png */ = {isa = PBXFileReference; lastKnownFileType = image.png; path = "new-internationalist-logo@2x.png"; sourceTree = "<group>"; };
		05BC3CEE18BE7B3C00769F81 /* NIAUHelper.h */ = {isa = PBXFileReference; fileEncoding = 4; lastKnownFileType = sourcecode.c.h; path = NIAUHelper.h; sourceTree = "<group>"; };
		05BC3CEF18BE7B3C00769F81 /* NIAUHelper.m */ = {isa = PBXFileReference; fileEncoding = 4; lastKnownFileType = sourcecode.c.objc; path = NIAUHelper.m; sourceTree = "<group>"; };
		05BD7F121779656300820EF3 /* NIAUMagazineArchiveViewController.h */ = {isa = PBXFileReference; lastKnownFileType = sourcecode.c.h; path = NIAUMagazineArchiveViewController.h; sourceTree = "<group>"; };
		05BD7F131779656300820EF3 /* NIAUMagazineArchiveViewController.m */ = {isa = PBXFileReference; lastKnownFileType = sourcecode.c.objc; path = NIAUMagazineArchiveViewController.m; sourceTree = "<group>"; };
		05BD7F141779671900820EF3 /* NIAUCell.h */ = {isa = PBXFileReference; lastKnownFileType = sourcecode.c.h; path = NIAUCell.h; sourceTree = "<group>"; };
		05BD7F151779671900820EF3 /* NIAUCell.m */ = {isa = PBXFileReference; lastKnownFileType = sourcecode.c.objc; path = NIAUCell.m; sourceTree = "<group>"; };
		05C29EFD188736B1004FC28D /* new-issue.caf */ = {isa = PBXFileReference; lastKnownFileType = file; path = "new-issue.caf"; sourceTree = "<group>"; };
		05C95838187DF8EF00FD262F /* Social.framework */ = {isa = PBXFileReference; lastKnownFileType = wrapper.framework; name = Social.framework; path = System/Library/Frameworks/Social.framework; sourceTree = SDKROOT; };
		05C9583A187DF9DE00FD262F /* Accounts.framework */ = {isa = PBXFileReference; lastKnownFileType = wrapper.framework; name = Accounts.framework; path = System/Library/Frameworks/Accounts.framework; sourceTree = SDKROOT; };
		05CAF9DF18E9FBC0000BE0BF /* loading_image.gif */ = {isa = PBXFileReference; lastKnownFileType = image.gif; path = loading_image.gif; sourceTree = "<group>"; };
		05CAF9E018E9FBC0000BE0BF /* loading_image@2x.gif */ = {isa = PBXFileReference; lastKnownFileType = image.gif; path = "loading_image@2x.gif"; sourceTree = "<group>"; };
		05D55E9819745E2100C5B913 /* GTM-W4P6WH */ = {isa = PBXFileReference; lastKnownFileType = file; path = "GTM-W4P6WH"; sourceTree = "<group>"; };
		05D55E9919745E2100C5B913 /* GTM-W4P6WH.plist */ = {isa = PBXFileReference; fileEncoding = 4; lastKnownFileType = text.plist.xml; path = "GTM-W4P6WH.plist"; sourceTree = "<group>"; };
		05EF22F218E1E7B70017244C /* libz.1.2.5.dylib */ = {isa = PBXFileReference; lastKnownFileType = "compiled.mach-o.dylib"; name = libz.1.2.5.dylib; path = usr/lib/libz.1.2.5.dylib; sourceTree = SDKROOT; };
		05F81FD51C1A840C006D6909 /* 167.png */ = {isa = PBXFileReference; lastKnownFileType = image.png; path = 167.png; sourceTree = "<group>"; };
		05F856CD1864C67E001D1A75 /* NIAUArticleCategoryCell.h */ = {isa = PBXFileReference; fileEncoding = 4; lastKnownFileType = sourcecode.c.h; path = NIAUArticleCategoryCell.h; sourceTree = "<group>"; };
		05F856CE1864C67E001D1A75 /* NIAUArticleCategoryCell.m */ = {isa = PBXFileReference; fileEncoding = 4; lastKnownFileType = sourcecode.c.objc; path = NIAUArticleCategoryCell.m; sourceTree = "<group>"; };
		05FA184C17A8B83200E023A0 /* 40.png */ = {isa = PBXFileReference; lastKnownFileType = image.png; path = 40.png; sourceTree = "<group>"; };
		05FA184D17A8B83200E023A0 /* 80.png */ = {isa = PBXFileReference; lastKnownFileType = image.png; path = 80.png; sourceTree = "<group>"; };
		05FA185117A8B8AF00E023A0 /* 57.png */ = {isa = PBXFileReference; lastKnownFileType = image.png; path = 57.png; sourceTree = "<group>"; };
		05FA185217A8B90000E023A0 /* 152.png */ = {isa = PBXFileReference; lastKnownFileType = image.png; path = 152.png; sourceTree = "<group>"; };
		05FA185317A8B90000E023A0 /* 76.png */ = {isa = PBXFileReference; lastKnownFileType = image.png; path = 76.png; sourceTree = "<group>"; };
		05FA185417A8B98000E023A0 /* 114.png */ = {isa = PBXFileReference; lastKnownFileType = image.png; path = 114.png; sourceTree = "<group>"; };
		11457EDF389EAC7E6F3CDC39 /* Pods-New Internationalist Magazine Australia.release.xcconfig */ = {isa = PBXFileReference; includeInIndex = 1; lastKnownFileType = text.xcconfig; name = "Pods-New Internationalist Magazine Australia.release.xcconfig"; path = "Pods/Target Support Files/Pods-New Internationalist Magazine Australia/Pods-New Internationalist Magazine Australia.release.xcconfig"; sourceTree = "<group>"; };
		404F04905A5F4ACCA9F9CAB7 /* libPods-New Internationalist Magazine AustraliaTests.a */ = {isa = PBXFileReference; explicitFileType = archive.ar; includeInIndex = 0; path = "libPods-New Internationalist Magazine AustraliaTests.a"; sourceTree = BUILT_PRODUCTS_DIR; };
		52090A60178CF7D1002D5162 /* NIAUPublisher.h */ = {isa = PBXFileReference; fileEncoding = 4; lastKnownFileType = sourcecode.c.h; path = NIAUPublisher.h; sourceTree = "<group>"; };
		52090A61178CF7D1002D5162 /* NIAUPublisher.m */ = {isa = PBXFileReference; fileEncoding = 4; lastKnownFileType = sourcecode.c.objc; path = NIAUPublisher.m; sourceTree = "<group>"; };
		52090A65178D4291002D5162 /* local.h */ = {isa = PBXFileReference; lastKnownFileType = sourcecode.c.h; path = local.h; sourceTree = "<group>"; };
		528FC17618344C86006BCB44 /* NSData+Cookieless.h */ = {isa = PBXFileReference; fileEncoding = 4; lastKnownFileType = sourcecode.c.h; path = "NSData+Cookieless.h"; sourceTree = "<group>"; };
		528FC17718344C86006BCB44 /* NSData+Cookieless.m */ = {isa = PBXFileReference; fileEncoding = 4; lastKnownFileType = sourcecode.c.objc; path = "NSData+Cookieless.m"; sourceTree = "<group>"; };
		52CD5EE417D896240038A70C /* NIAUCache.h */ = {isa = PBXFileReference; fileEncoding = 4; lastKnownFileType = sourcecode.c.h; path = NIAUCache.h; sourceTree = "<group>"; };
		52CD5EE517D896240038A70C /* NIAUCache.m */ = {isa = PBXFileReference; fileEncoding = 4; lastKnownFileType = sourcecode.c.objc; path = NIAUCache.m; sourceTree = "<group>"; };
		52CD5EEA17D8A6DC0038A70C /* NIAUCacheMethod.h */ = {isa = PBXFileReference; fileEncoding = 4; lastKnownFileType = sourcecode.c.h; path = NIAUCacheMethod.h; sourceTree = "<group>"; };
		52CD5EEB17D8A6DC0038A70C /* NIAUCacheMethod.m */ = {isa = PBXFileReference; fileEncoding = 4; lastKnownFileType = sourcecode.c.objc; path = NIAUCacheMethod.m; sourceTree = "<group>"; };
		52EFA528179F877A00C93943 /* XCTestCase+MethodSwizzling.h */ = {isa = PBXFileReference; lastKnownFileType = sourcecode.c.h; path = "XCTestCase+MethodSwizzling.h"; sourceTree = "<group>"; };
		52EFA529179F877A00C93943 /* XCTestCase+MethodSwizzling.m */ = {isa = PBXFileReference; lastKnownFileType = sourcecode.c.objc; path = "XCTestCase+MethodSwizzling.m"; sourceTree = "<group>"; };
		BC803423D2F743538C4A77A9 /* libPods-New Internationalist Magazine Australia.a */ = {isa = PBXFileReference; explicitFileType = archive.ar; includeInIndex = 0; path = "libPods-New Internationalist Magazine Australia.a"; sourceTree = BUILT_PRODUCTS_DIR; };
		D227D2D208954210BAF38409 /* libPods.a */ = {isa = PBXFileReference; explicitFileType = archive.ar; includeInIndex = 0; path = libPods.a; sourceTree = BUILT_PRODUCTS_DIR; };
		F74058D0BA6127810C7A455B /* Pods-New Internationalist Magazine Australia.debug.xcconfig */ = {isa = PBXFileReference; includeInIndex = 1; lastKnownFileType = text.xcconfig; name = "Pods-New Internationalist Magazine Australia.debug.xcconfig"; path = "Pods/Target Support Files/Pods-New Internationalist Magazine Australia/Pods-New Internationalist Magazine Australia.debug.xcconfig"; sourceTree = "<group>"; };
/* End PBXFileReference section */

/* Begin PBXFrameworksBuildPhase section */
		055A8EBF177290CE003D9407 /* Frameworks */ = {
			isa = PBXFrameworksBuildPhase;
			buildActionMask = 2147483647;
			files = (
				052D3A99187DEF2600377021 /* SystemConfiguration.framework in Frameworks */,
				052D3A97187DEF1A00377021 /* Security.framework in Frameworks */,
				052D3A95187DEF0D00377021 /* QuartzCore.framework in Frameworks */,
				052D3A93187DEF0400377021 /* MobileCoreServices.framework in Frameworks */,
				052D3A8F187DEEE900377021 /* CoreLocation.framework in Frameworks */,
				052D3A8D187DEEDC00377021 /* CFNetwork.framework in Frameworks */,
				052D3A8B187DEED200377021 /* AudioToolbox.framework in Frameworks */,
				0577E07617FBED0400A52A8E /* StoreKit.framework in Frameworks */,
				055A8EC8177290CE003D9407 /* CoreGraphics.framework in Frameworks */,
				051877D018FD9B9200DCFA24 /* Crashlytics.framework in Frameworks */,
				055A8ECA177290CE003D9407 /* UIKit.framework in Frameworks */,
				055A8EC6177290CE003D9407 /* Foundation.framework in Frameworks */,
				0539DE961B857A7700B5772A /* Fabric.framework in Frameworks */,
				08A7A1CCF6DEC03F2BF15AB6 /* libPods-New Internationalist Magazine Australia.a in Frameworks */,
			);
			runOnlyForDeploymentPostprocessing = 0;
		};
		055A8EE3177290CF003D9407 /* Frameworks */ = {
			isa = PBXFrameworksBuildPhase;
			buildActionMask = 2147483647;
			files = (
				055A8EE8177290CF003D9407 /* XCTest.framework in Frameworks */,
				055A8EEA177290CF003D9407 /* UIKit.framework in Frameworks */,
				055A8EE9177290CF003D9407 /* Foundation.framework in Frameworks */,
				C13EF1F7C6F64FA9AEE3C92E /* libPods-New Internationalist Magazine AustraliaTests.a in Frameworks */,
			);
			runOnlyForDeploymentPostprocessing = 0;
		};
		058E563B19C7424800D6AF66 /* Frameworks */ = {
			isa = PBXFrameworksBuildPhase;
			buildActionMask = 2147483647;
			files = (
				058E564019C7424800D6AF66 /* NotificationCenter.framework in Frameworks */,
			);
			runOnlyForDeploymentPostprocessing = 0;
		};
/* End PBXFrameworksBuildPhase section */

/* Begin PBXGroup section */
		0511F13917BB1D55004B5A72 /* Stylesheet */ = {
			isa = PBXGroup;
			children = (
				052E32B218E1F74300A1906E /* bootstrap.css */,
				052E32B418E1FBAC00A1906E /* fontawesome-webfont.woff */,
				0511F13A17BB1E24004B5A72 /* article-body.css */,
			);
			name = Stylesheet;
			sourceTree = "<group>";
		};
		053878281777E034001E60F6 /* Images */ = {
			isa = PBXGroup;
			children = (
				051DD29D18F5F2A8000A1CEA /* ni-logo-grey@2x.png */,
				051DD29E18F5F2A8000A1CEA /* ni-logo-grey.png */,
				05CAF9DF18E9FBC0000BE0BF /* loading_image.gif */,
				05CAF9E018E9FBC0000BE0BF /* loading_image@2x.gif */,
				052D797A18C7FD14000C03C2 /* loading_image.png */,
				052D797B18C7FD14000C03C2 /* loading_image@2x.png */,
				05BC3CE918BE6EFC00769F81 /* new-internationalist-logo.png */,
				05BC3CEA18BE6EFC00769F81 /* new-internationalist-logo@2x.png */,
				051FB64118AC15BF00FA734C /* UIWebViewBack.png */,
				051FB64218AC15BF00FA734C /* UIWebViewBack@2x.png */,
				051FB64318AC15BF00FA734C /* UIWebViewNext.png */,
				051FB64418AC15BF00FA734C /* UIWebViewNext@2x.png */,
				052BBF8917EFF6E100B12071 /* home-background.png */,
				052BBF8A17EFF6E100B12071 /* home-background@2x.png */,
				052BBF8517EFF31D00B12071 /* cover-icon.png */,
				052BBF8617EFF31D00B12071 /* cover-icon@2x.png */,
				0567082617B1D50A00A87818 /* default_article_image_table_view.png */,
				0567082717B1D50A00A87818 /* default_article_image_table_view@2x.png */,
				0528EC3817853C1F000175AB /* default_article_image.png */,
				0528EC3917853C1F000175AB /* default_article_image@2x.png */,
				0528EC3A17853C1F000175AB /* default_featured_image.png */,
				0528EC3B17853C1F000175AB /* default_featured_image@2x.png */,
				0528EC3617850989000175AB /* default_editors_photo.png */,
				051A72AF177950D600BDD346 /* default_cover.png */,
				051A72B0177950D600BDD346 /* default_cover@2x.png */,
			);
			name = Images;
			sourceTree = "<group>";
		};
		055A8EB9177290CE003D9407 = {
			isa = PBXGroup;
			children = (
				053EB9011A0035F500058669 /* Localizable.strings */,
				055A8ECB177290CE003D9407 /* New Internationalist Magazine Australia */,
				058E564119C7424800D6AF66 /* New Internationalist Magazine Australia Extension */,
				055A8EED177290CF003D9407 /* New Internationalist Magazine AustraliaTests */,
				055A8EC4177290CE003D9407 /* Frameworks */,
				055A8EC3177290CE003D9407 /* Products */,
				CD1E850A6A2A12E44DDE3BE9 /* Pods */,
			);
			sourceTree = "<group>";
		};
		055A8EC3177290CE003D9407 /* Products */ = {
			isa = PBXGroup;
			children = (
				055A8EC2177290CE003D9407 /* New Internationalist Magazine Australia.app */,
				055A8EE6177290CF003D9407 /* New Internationalist Magazine AustraliaTests.xctest */,
				058E563E19C7424800D6AF66 /* New Internationalist Magazine Australia Extension.appex */,
			);
			name = Products;
			sourceTree = "<group>";
		};
		055A8EC4177290CE003D9407 /* Frameworks */ = {
			isa = PBXGroup;
			children = (
				0539DE951B857A7700B5772A /* Fabric.framework */,
				051877CF18FD9B9200DCFA24 /* Crashlytics.framework */,
				05EF22F218E1E7B70017244C /* libz.1.2.5.dylib */,
				05C9583A187DF9DE00FD262F /* Accounts.framework */,
				05C95838187DF8EF00FD262F /* Social.framework */,
				052D3A98187DEF2600377021 /* SystemConfiguration.framework */,
				052D3A96187DEF1A00377021 /* Security.framework */,
				052D3A94187DEF0D00377021 /* QuartzCore.framework */,
				052D3A92187DEF0400377021 /* MobileCoreServices.framework */,
				052D3A90187DEEFA00377021 /* libz.1.1.3.dylib */,
				052D3A8E187DEEE900377021 /* CoreLocation.framework */,
				052D3A8C187DEEDC00377021 /* CFNetwork.framework */,
				052D3A8A187DEED200377021 /* AudioToolbox.framework */,
				0577E07517FBED0400A52A8E /* StoreKit.framework */,
				055A8EC5177290CE003D9407 /* Foundation.framework */,
				055A8EC7177290CE003D9407 /* CoreGraphics.framework */,
				055A8EC9177290CE003D9407 /* UIKit.framework */,
				055A8EE7177290CF003D9407 /* XCTest.framework */,
				D227D2D208954210BAF38409 /* libPods.a */,
				BC803423D2F743538C4A77A9 /* libPods-New Internationalist Magazine Australia.a */,
				404F04905A5F4ACCA9F9CAB7 /* libPods-New Internationalist Magazine AustraliaTests.a */,
				058E563F19C7424800D6AF66 /* NotificationCenter.framework */,
			);
			name = Frameworks;
			sourceTree = "<group>";
		};
		055A8ECB177290CE003D9407 /* New Internationalist Magazine Australia */ = {
			isa = PBXGroup;
			children = (
				058E565219C77FA300D6AF66 /* New Internationalist Magazine Australia.entitlements */,
				0571758E18C63A420075A604 /* HTML */,
				05C29EFC1887369A004FC28D /* Sounds */,
				05B9109D181631DF0027E5BF /* Network */,
				0511F13917BB1D55004B5A72 /* Stylesheet */,
				055A8F011772C70F003D9407 /* Icons */,
				053878281777E034001E60F6 /* Images */,
				52CD5EE917D8A68C0038A70C /* Caching */,
				055A8ED4177290CF003D9407 /* NIAUAppDelegate.h */,
				055A8ED5177290CF003D9407 /* NIAUAppDelegate.m */,
				528FC17618344C86006BCB44 /* NSData+Cookieless.h */,
				528FC17718344C86006BCB44 /* NSData+Cookieless.m */,
				05BC3CEE18BE7B3C00769F81 /* NIAUHelper.h */,
				05BC3CEF18BE7B3C00769F81 /* NIAUHelper.m */,
				055A8ED7177290CF003D9407 /* Main_iPhone.storyboard */,
				055A8EDA177290CF003D9407 /* Main_iPad.storyboard */,
				0500251D1BA672B70096A46C /* Launch_Screen.storyboard */,
				053878241777D767001E60F6 /* NIAUIssue.h */,
				053878251777D767001E60F6 /* NIAUIssue.m */,
				052167E2177BD6DF00A4A81A /* NIAUArticle.h */,
				052167E3177BD6DF00A4A81A /* NIAUArticle.m */,
				52090A60178CF7D1002D5162 /* NIAUPublisher.h */,
				52090A61178CF7D1002D5162 /* NIAUPublisher.m */,
				0577E07717FBF2B400A52A8E /* NIAUInAppPurchaseHelper.h */,
				0577E07817FBF2B400A52A8E /* NIAUInAppPurchaseHelper.m */,
				05424C341803AD0400399194 /* NIAUStoreViewController.h */,
				05424C351803AD0400399194 /* NIAUStoreViewController.m */,
				05424C371803BD7000399194 /* NIAULoginViewController.h */,
				05424C381803BD7000399194 /* NIAULoginViewController.m */,
				055A8EDD177290CF003D9407 /* NIAUViewController.h */,
				055A8EDE177290CF003D9407 /* NIAUViewController.m */,
				05BB6B41180E1802000B2FD3 /* NIAUSearchViewController.h */,
				05BB6B42180E1802000B2FD3 /* NIAUSearchViewController.m */,
				051AF557184ECE7D00A91A8C /* NIAUCategoriesViewController.h */,
				051AF558184ECE7D00A91A8C /* NIAUCategoriesViewController.m */,
				059FFC9E185026F100422824 /* NIAUCategoryViewController.h */,
				059FFC9F185026F100422824 /* NIAUCategoryViewController.m */,
				05BD7F121779656300820EF3 /* NIAUMagazineArchiveViewController.h */,
				05BD7F131779656300820EF3 /* NIAUMagazineArchiveViewController.m */,
				0507DB68177AA0F60099540D /* NIAUTableOfContentsViewController.h */,
				0507DB69177AA0F60099540D /* NIAUTableOfContentsViewController.m */,
				052167E5177BDF8900A4A81A /* NIAUArticleViewController.h */,
				052167E6177BDF8900A4A81A /* NIAUArticleViewController.m */,
				0550B4FE18A437C0002E09D4 /* NIAUWebsiteViewController.h */,
				0550B4FF18A437C0002E09D4 /* NIAUWebsiteViewController.m */,
				058F738C178BBA3E002CA40C /* NIAUImageZoomViewController.h */,
				058F738D178BBA3E002CA40C /* NIAUImageZoomViewController.m */,
				05594CD418B80BC000536D4D /* NIAUInfoViewController.h */,
				05594CD518B80BC000536D4D /* NIAUInfoViewController.m */,
				05BD7F141779671900820EF3 /* NIAUCell.h */,
				05BD7F151779671900820EF3 /* NIAUCell.m */,
				05F856CD1864C67E001D1A75 /* NIAUArticleCategoryCell.h */,
				05F856CE1864C67E001D1A75 /* NIAUArticleCategoryCell.m */,
				055A8EE0177290CF003D9407 /* Images.xcassets */,
				52090A65178D4291002D5162 /* local.h */,
				05D55E9819745E2100C5B913 /* GTM-W4P6WH */,
				05D55E9919745E2100C5B913 /* GTM-W4P6WH.plist */,
				055A8ECC177290CE003D9407 /* Supporting Files */,
				0571759118C64A370075A604 /* Settings.bundle */,
			);
			path = "New Internationalist Magazine Australia";
			sourceTree = "<group>";
		};
		055A8ECC177290CE003D9407 /* Supporting Files */ = {
			isa = PBXGroup;
			children = (
				055A8ECD177290CE003D9407 /* New Internationalist Magazine Australia-Info.plist */,
				055A8ECE177290CE003D9407 /* InfoPlist.strings */,
				055A8ED1177290CF003D9407 /* main.m */,
				055A8ED3177290CF003D9407 /* New Internationalist Magazine Australia-Prefix.pch */,
			);
			name = "Supporting Files";
			sourceTree = "<group>";
		};
		055A8EED177290CF003D9407 /* New Internationalist Magazine AustraliaTests */ = {
			isa = PBXGroup;
			children = (
				055A8EF3177290CF003D9407 /* New_Internationalist_Magazine_AustraliaTests.m */,
				52EFA528179F877A00C93943 /* XCTestCase+MethodSwizzling.h */,
				52EFA529179F877A00C93943 /* XCTestCase+MethodSwizzling.m */,
				055A8EEE177290CF003D9407 /* Supporting Files */,
			);
			path = "New Internationalist Magazine AustraliaTests";
			sourceTree = "<group>";
		};
		055A8EEE177290CF003D9407 /* Supporting Files */ = {
			isa = PBXGroup;
			children = (
				055A8EEF177290CF003D9407 /* New Internationalist Magazine AustraliaTests-Info.plist */,
				055A8EF0177290CF003D9407 /* InfoPlist.strings */,
			);
			name = "Supporting Files";
			sourceTree = "<group>";
		};
		055A8F011772C70F003D9407 /* Icons */ = {
			isa = PBXGroup;
			children = (
				05F81FD51C1A840C006D6909 /* 167.png */,
				05B0983619BFDCCF0072A88C /* Default-1242x2208-landscape@3x.png */,
				05B0983419BFDC7F0072A88C /* Default-1242x2208@3x.png */,
				05B0983219BFDBFF0072A88C /* Default-750x1334@2x.png */,
				05B0983019BFD8B20072A88C /* 87.png */,
				05B0982E19BFD88C0072A88C /* 180.png */,
				055A8F0B1772CF67003D9407 /* iPad-landscape.png */,
				055A8F0C1772CF67003D9407 /* iPad-landscape@2x.png */,
				055A8F0D1772CF67003D9407 /* iPad-portrait.png */,
				055A8F0E1772CF67003D9407 /* iPad-portrait@2x.png */,
				055A8F091772CBB4003D9407 /* Default-568h@2x.png */,
				055A8F0A1772CBB4003D9407 /* Default@2x.png */,
				055A8F021772C72F003D9407 /* 29.png */,
				05FA184C17A8B83200E023A0 /* 40.png */,
				055A8F031772C72F003D9407 /* 50.png */,
				05FA185117A8B8AF00E023A0 /* 57.png */,
				055A8F041772C72F003D9407 /* 58.png */,
				055A8F051772C72F003D9407 /* 72.png */,
				05FA185317A8B90000E023A0 /* 76.png */,
				05FA184D17A8B83200E023A0 /* 80.png */,
				055A8F061772C72F003D9407 /* 100.png */,
				05FA185417A8B98000E023A0 /* 114.png */,
				055A8F071772C72F003D9407 /* 120.png */,
				055A8F081772C72F003D9407 /* 144.png */,
				05FA185217A8B90000E023A0 /* 152.png */,
			);
			name = Icons;
			sourceTree = "<group>";
		};
		0571758E18C63A420075A604 /* HTML */ = {
			isa = PBXGroup;
			children = (
				0571758F18C63C640075A604 /* about.html */,
			);
			name = HTML;
			sourceTree = "<group>";
		};
		058E564119C7424800D6AF66 /* New Internationalist Magazine Australia Extension */ = {
			isa = PBXGroup;
			children = (
				058E565319C7802800D6AF66 /* New Internationalist Magazine Australia Extension.entitlements */,
				058E564419C7424800D6AF66 /* TodayViewController.h */,
				058E564519C7424800D6AF66 /* TodayViewController.m */,
				058E564719C7424800D6AF66 /* MainInterface.storyboard */,
				058E564219C7424800D6AF66 /* Supporting Files */,
			);
			path = "New Internationalist Magazine Australia Extension";
			sourceTree = "<group>";
		};
		058E564219C7424800D6AF66 /* Supporting Files */ = {
			isa = PBXGroup;
			children = (
				058E564319C7424800D6AF66 /* Info.plist */,
			);
			name = "Supporting Files";
			sourceTree = "<group>";
		};
		05B9109D181631DF0027E5BF /* Network */ = {
			isa = PBXGroup;
			children = (
				05B9109E181632050027E5BF /* Reachability.h */,
				05B9109F181632050027E5BF /* Reachability.m */,
			);
			name = Network;
			sourceTree = "<group>";
		};
		05C29EFC1887369A004FC28D /* Sounds */ = {
			isa = PBXGroup;
			children = (
				05C29EFD188736B1004FC28D /* new-issue.caf */,
			);
			name = Sounds;
			sourceTree = "<group>";
		};
		52CD5EE917D8A68C0038A70C /* Caching */ = {
			isa = PBXGroup;
			children = (
				52CD5EE417D896240038A70C /* NIAUCache.h */,
				52CD5EE517D896240038A70C /* NIAUCache.m */,
				52CD5EEA17D8A6DC0038A70C /* NIAUCacheMethod.h */,
				52CD5EEB17D8A6DC0038A70C /* NIAUCacheMethod.m */,
			);
			name = Caching;
			sourceTree = "<group>";
		};
		CD1E850A6A2A12E44DDE3BE9 /* Pods */ = {
			isa = PBXGroup;
			children = (
				F74058D0BA6127810C7A455B /* Pods-New Internationalist Magazine Australia.debug.xcconfig */,
				11457EDF389EAC7E6F3CDC39 /* Pods-New Internationalist Magazine Australia.release.xcconfig */,
			);
			name = Pods;
			sourceTree = "<group>";
		};
/* End PBXGroup section */

/* Begin PBXNativeTarget section */
		055A8EC1177290CE003D9407 /* New Internationalist Magazine Australia */ = {
			isa = PBXNativeTarget;
			buildConfigurationList = 055A8EF7177290CF003D9407 /* Build configuration list for PBXNativeTarget "New Internationalist Magazine Australia" */;
			buildPhases = (
				94B113D43D6946C58D037F59 /* Check Pods Manifest.lock */,
				055A8EBE177290CE003D9407 /* Sources */,
				055A8EBF177290CE003D9407 /* Frameworks */,
				055A8EC0177290CE003D9407 /* Resources */,
				9CA7297DD8AF414E829FA876 /* Copy Pods Resources */,
				0547A65A18FC717800566B19 /* ShellScript */,
				0556DFA21911832800A8D775 /* ShellScript */,
				058E565119C7424800D6AF66 /* Embed App Extensions */,
				9AF2D55F4792198F6F6C8BE8 /* Embed Pods Frameworks */,
			);
			buildRules = (
			);
			dependencies = (
				058E564A19C7424800D6AF66 /* PBXTargetDependency */,
				058E564D19C7424800D6AF66 /* PBXTargetDependency */,
			);
			name = "New Internationalist Magazine Australia";
			productName = "New Internationalist Magazine Australia";
			productReference = 055A8EC2177290CE003D9407 /* New Internationalist Magazine Australia.app */;
			productType = "com.apple.product-type.application";
		};
		055A8EE5177290CF003D9407 /* New Internationalist Magazine AustraliaTests */ = {
			isa = PBXNativeTarget;
			buildConfigurationList = 055A8EFA177290CF003D9407 /* Build configuration list for PBXNativeTarget "New Internationalist Magazine AustraliaTests" */;
			buildPhases = (
				B29C4CB8DBC646A7AEAE8514 /* Check Pods Manifest.lock */,
				055A8EE2177290CF003D9407 /* Sources */,
				055A8EE3177290CF003D9407 /* Frameworks */,
				055A8EE4177290CF003D9407 /* Resources */,
				D8D92D6EEAF34A598702B652 /* Copy Pods Resources */,
			);
			buildRules = (
			);
			dependencies = (
				055A8EEC177290CF003D9407 /* PBXTargetDependency */,
			);
			name = "New Internationalist Magazine AustraliaTests";
			productName = "New Internationalist Magazine AustraliaTests";
			productReference = 055A8EE6177290CF003D9407 /* New Internationalist Magazine AustraliaTests.xctest */;
			productType = "com.apple.product-type.bundle.unit-test";
		};
		058E563D19C7424800D6AF66 /* New Internationalist Magazine Australia Extension */ = {
			isa = PBXNativeTarget;
			buildConfigurationList = 058E565019C7424800D6AF66 /* Build configuration list for PBXNativeTarget "New Internationalist Magazine Australia Extension" */;
			buildPhases = (
				058E563A19C7424800D6AF66 /* Sources */,
				058E563B19C7424800D6AF66 /* Frameworks */,
				058E563C19C7424800D6AF66 /* Resources */,
			);
			buildRules = (
			);
			dependencies = (
			);
			name = "New Internationalist Magazine Australia Extension";
			productName = "New Internationalist Magazine Australia Extension";
			productReference = 058E563E19C7424800D6AF66 /* New Internationalist Magazine Australia Extension.appex */;
			productType = "com.apple.product-type.app-extension";
		};
/* End PBXNativeTarget section */

/* Begin PBXProject section */
		055A8EBA177290CE003D9407 /* Project object */ = {
			isa = PBXProject;
			attributes = {
				CLASSPREFIX = NIAU;
				LastUpgradeCheck = 0700;
				ORGANIZATIONNAME = "New Internationalist Australia";
				TargetAttributes = {
					055A8EC1177290CE003D9407 = {
						DevelopmentTeam = CUMP7ABFVY;
						SystemCapabilities = {
							com.apple.ApplicationGroups.iOS = {
								enabled = 1;
							};
						};
					};
					055A8EE5177290CF003D9407 = {
						TestTargetID = 055A8EC1177290CE003D9407;
					};
					058E563D19C7424800D6AF66 = {
						CreatedOnToolsVersion = 6.0;
						DevelopmentTeam = CUMP7ABFVY;
						SystemCapabilities = {
							com.apple.ApplicationGroups.iOS = {
								enabled = 1;
							};
						};
					};
				};
			};
			buildConfigurationList = 055A8EBD177290CE003D9407 /* Build configuration list for PBXProject "New Internationalist Magazine Australia" */;
			compatibilityVersion = "Xcode 3.2";
			developmentRegion = English;
			hasScannedForEncodings = 0;
			knownRegions = (
				en,
				Base,
				"en-GB",
				"en-AU",
				"en-US",
				"en-CA",
			);
			mainGroup = 055A8EB9177290CE003D9407;
			productRefGroup = 055A8EC3177290CE003D9407 /* Products */;
			projectDirPath = "";
			projectRoot = "";
			targets = (
				055A8EC1177290CE003D9407 /* New Internationalist Magazine Australia */,
				055A8EE5177290CF003D9407 /* New Internationalist Magazine AustraliaTests */,
				058E563D19C7424800D6AF66 /* New Internationalist Magazine Australia Extension */,
			);
		};
/* End PBXProject section */

/* Begin PBXResourcesBuildPhase section */
		055A8EC0177290CE003D9407 /* Resources */ = {
			isa = PBXResourcesBuildPhase;
			buildActionMask = 2147483647;
			files = (
				052E32B518E1FBAC00A1906E /* fontawesome-webfont.woff in Resources */,
				0500251E1BA672B70096A46C /* Launch_Screen.storyboard in Resources */,
				052A84F917C5E12900D36E6C /* iPad-landscape@2x.png in Resources */,
				052A850A17C5E13900D36E6C /* 152.png in Resources */,
				05B0982F19BFD88C0072A88C /* 180.png in Resources */,
				0528EC3C17853C1F000175AB /* default_article_image.png in Resources */,
				05C29EFE188736B1004FC28D /* new-issue.caf in Resources */,
				05BC3CEC18BE6EFC00769F81 /* new-internationalist-logo@2x.png in Resources */,
				051DD29F18F5F2A8000A1CEA /* ni-logo-grey@2x.png in Resources */,
				05D55E9B19745E2100C5B913 /* GTM-W4P6WH.plist in Resources */,
				052A850417C5E13900D36E6C /* 76.png in Resources */,
				052A850117C5E13900D36E6C /* 57.png in Resources */,
				052BBF8817EFF31D00B12071 /* cover-icon@2x.png in Resources */,
				055A8EDC177290CF003D9407 /* Main_iPad.storyboard in Resources */,
				051FB64518AC15BF00FA734C /* UIWebViewBack.png in Resources */,
				051FB64618AC15BF00FA734C /* UIWebViewBack@2x.png in Resources */,
				052A850217C5E13900D36E6C /* 58.png in Resources */,
				051FB64718AC15BF00FA734C /* UIWebViewNext.png in Resources */,
				05B0983319BFDBFF0072A88C /* Default-750x1334@2x.png in Resources */,
				052A850717C5E13900D36E6C /* 114.png in Resources */,
				05B0983719BFDCCF0072A88C /* Default-1242x2208-landscape@3x.png in Resources */,
				052BBF8C17EFF6E100B12071 /* home-background@2x.png in Resources */,
				052A850017C5E13900D36E6C /* 50.png in Resources */,
				0528EC3717850989000175AB /* default_editors_photo.png in Resources */,
				05F81FD61C1A840C006D6909 /* 167.png in Resources */,
				052A850617C5E13900D36E6C /* 100.png in Resources */,
				0567082817B1D51400A87818 /* default_article_image_table_view.png in Resources */,
				05CAF9E118E9FBC0000BE0BF /* loading_image.gif in Resources */,
				052A84FC17C5E13900D36E6C /* Default-568h@2x.png in Resources */,
				052E32B318E1F74300A1906E /* bootstrap.css in Resources */,
				051FB64818AC15BF00FA734C /* UIWebViewNext@2x.png in Resources */,
				051A72B1177950D600BDD346 /* default_cover.png in Resources */,
				055A8EE1177290CF003D9407 /* Images.xcassets in Resources */,
				052A84FB17C5E13900D36E6C /* iPad-portrait@2x.png in Resources */,
				052A850917C5E13900D36E6C /* 144.png in Resources */,
				052A850517C5E13900D36E6C /* 80.png in Resources */,
				05B0983519BFDC7F0072A88C /* Default-1242x2208@3x.png in Resources */,
				0571759218C64A370075A604 /* Settings.bundle in Resources */,
				052A84FF17C5E13900D36E6C /* 40.png in Resources */,
				0528EC3F17853C1F000175AB /* default_featured_image@2x.png in Resources */,
				0528EC3D17853C1F000175AB /* default_article_image@2x.png in Resources */,
				055A8ED9177290CF003D9407 /* Main_iPhone.storyboard in Resources */,
				052A850317C5E13900D36E6C /* 72.png in Resources */,
				052A84FE17C5E13900D36E6C /* 29.png in Resources */,
				052D797D18C7FD14000C03C2 /* loading_image@2x.png in Resources */,
				052D797C18C7FD14000C03C2 /* loading_image.png in Resources */,
				051A72B2177950D600BDD346 /* default_cover@2x.png in Resources */,
				0571759018C63C640075A604 /* about.html in Resources */,
				052BBF8B17EFF6E100B12071 /* home-background.png in Resources */,
				053EB8FF1A0035F500058669 /* Localizable.strings in Resources */,
				0511F13B17BB1E25004B5A72 /* article-body.css in Resources */,
				05CAF9E218E9FBC0000BE0BF /* loading_image@2x.gif in Resources */,
				051DD2A018F5F2A8000A1CEA /* ni-logo-grey.png in Resources */,
				05E7839B19C3514E0003D34D /* 120.png in Resources */,
				052A84FD17C5E13900D36E6C /* Default@2x.png in Resources */,
				052BBF8717EFF31D00B12071 /* cover-icon.png in Resources */,
				0528EC3E17853C1F000175AB /* default_featured_image.png in Resources */,
				0567082917B1D51400A87818 /* default_article_image_table_view@2x.png in Resources */,
				055A8ED0177290CE003D9407 /* InfoPlist.strings in Resources */,
				052A84FA17C5E12D00D36E6C /* iPad-portrait.png in Resources */,
				05D55E9A19745E2100C5B913 /* GTM-W4P6WH in Resources */,
				05BC3CEB18BE6EFC00769F81 /* new-internationalist-logo.png in Resources */,
				05B0983119BFD8B20072A88C /* 87.png in Resources */,
				052A84F817C5E12700D36E6C /* iPad-landscape.png in Resources */,
			);
			runOnlyForDeploymentPostprocessing = 0;
		};
		055A8EE4177290CF003D9407 /* Resources */ = {
			isa = PBXResourcesBuildPhase;
			buildActionMask = 2147483647;
			files = (
				055A8EF2177290CF003D9407 /* InfoPlist.strings in Resources */,
			);
			runOnlyForDeploymentPostprocessing = 0;
		};
		058E563C19C7424800D6AF66 /* Resources */ = {
			isa = PBXResourcesBuildPhase;
			buildActionMask = 2147483647;
			files = (
				058E564819C7424800D6AF66 /* MainInterface.storyboard in Resources */,
			);
			runOnlyForDeploymentPostprocessing = 0;
		};
/* End PBXResourcesBuildPhase section */

/* Begin PBXShellScriptBuildPhase section */
		0547A65A18FC717800566B19 /* ShellScript */ = {
			isa = PBXShellScriptBuildPhase;
			buildActionMask = 2147483647;
			files = (
			);
			inputPaths = (
			);
			outputPaths = (
			);
			runOnlyForDeploymentPostprocessing = 0;
			shellPath = /bin/sh;
			shellScript = "./Crashlytics.framework/run 93b57617620e351110a61806412e4a827829d162 e8703b39da5549efa9f01b9c382b2042b5f3451811eb884e58425966a7e4bcb9";
		};
		0556DFA21911832800A8D775 /* ShellScript */ = {
			isa = PBXShellScriptBuildPhase;
			buildActionMask = 2147483647;
			files = (
			);
			inputPaths = (
			);
			outputPaths = (
			);
			runOnlyForDeploymentPostprocessing = 0;
			shellPath = /bin/sh;
			shellScript = "# xcode-build-bump.sh\n# @desc Auto-increment the build number every time the project is run.\n# @usage\n# 1. Select: your Target in Xcode\n# 2. Select: Build Phases Tab\n# 3. Select: Add Build Phase -> Add Run Script\n# 4. Paste code below in to new \"Run Script\" section\n# 5. Drag the \"Run Script\" below \"Link Binaries With Libraries\"\n# 6. Insure that your starting build number is set to a whole integer and not a float (e.g. 1, not 1.0)\n\n# Might not use this after all.\n\n#buildNumber=$(/usr/libexec/PlistBuddy -c \"Print CFBundleVersion\" \"${PROJECT_DIR}/${INFOPLIST_FILE}\")\n#buildNumber=$(($buildNumber + 1))\n#/usr/libexec/PlistBuddy -c \"Set :CFBundleVersion $buildNumber\" \"${PROJECT_DIR}/${INFOPLIST_FILE}\"";
		};
		94B113D43D6946C58D037F59 /* Check Pods Manifest.lock */ = {
			isa = PBXShellScriptBuildPhase;
			buildActionMask = 2147483647;
			files = (
			);
			inputPaths = (
			);
			name = "Check Pods Manifest.lock";
			outputPaths = (
			);
			runOnlyForDeploymentPostprocessing = 0;
			shellPath = /bin/sh;
			shellScript = "diff \"${PODS_ROOT}/../Podfile.lock\" \"${PODS_ROOT}/Manifest.lock\" > /dev/null\nif [[ $? != 0 ]] ; then\n    cat << EOM\nerror: The sandbox is not in sync with the Podfile.lock. Run 'pod install' or update your CocoaPods installation.\nEOM\n    exit 1\nfi\n";
			showEnvVarsInLog = 0;
		};
		9AF2D55F4792198F6F6C8BE8 /* Embed Pods Frameworks */ = {
			isa = PBXShellScriptBuildPhase;
			buildActionMask = 2147483647;
			files = (
			);
			inputPaths = (
			);
			name = "Embed Pods Frameworks";
			outputPaths = (
			);
			runOnlyForDeploymentPostprocessing = 0;
			shellPath = /bin/sh;
			shellScript = "\"${SRCROOT}/Pods/Target Support Files/Pods-New Internationalist Magazine Australia/Pods-New Internationalist Magazine Australia-frameworks.sh\"\n";
			showEnvVarsInLog = 0;
		};
		9CA7297DD8AF414E829FA876 /* Copy Pods Resources */ = {
			isa = PBXShellScriptBuildPhase;
			buildActionMask = 2147483647;
			files = (
			);
			inputPaths = (
			);
			name = "Copy Pods Resources";
			outputPaths = (
			);
			runOnlyForDeploymentPostprocessing = 0;
			shellPath = /bin/sh;
			shellScript = "\"${SRCROOT}/Pods/Target Support Files/Pods-New Internationalist Magazine Australia/Pods-New Internationalist Magazine Australia-resources.sh\"\n";
			showEnvVarsInLog = 0;
		};
		B29C4CB8DBC646A7AEAE8514 /* Check Pods Manifest.lock */ = {
			isa = PBXShellScriptBuildPhase;
			buildActionMask = 2147483647;
			files = (
			);
			inputPaths = (
			);
			name = "Check Pods Manifest.lock";
			outputPaths = (
			);
			runOnlyForDeploymentPostprocessing = 0;
			shellPath = /bin/sh;
			shellScript = "diff \"${PODS_ROOT}/../Podfile.lock\" \"${PODS_ROOT}/Manifest.lock\" > /dev/null\nif [[ $? != 0 ]] ; then\n    cat << EOM\nerror: The sandbox is not in sync with the Podfile.lock. Run 'pod install' or update your CocoaPods installation.\nEOM\n    exit 1\nfi\n";
			showEnvVarsInLog = 0;
		};
		D8D92D6EEAF34A598702B652 /* Copy Pods Resources */ = {
			isa = PBXShellScriptBuildPhase;
			buildActionMask = 2147483647;
			files = (
			);
			inputPaths = (
			);
			name = "Copy Pods Resources";
			outputPaths = (
			);
			runOnlyForDeploymentPostprocessing = 0;
			shellPath = /bin/sh;
			shellScript = "\"${SRCROOT}/Pods/Pods-New Internationalist Magazine AustraliaTests-resources.sh\"\n";
			showEnvVarsInLog = 0;
		};
/* End PBXShellScriptBuildPhase section */

/* Begin PBXSourcesBuildPhase section */
		055A8EBE177290CE003D9407 /* Sources */ = {
			isa = PBXSourcesBuildPhase;
			buildActionMask = 2147483647;
			files = (
				05424C361803AD0400399194 /* NIAUStoreViewController.m in Sources */,
				058F738E178BBA3E002CA40C /* NIAUImageZoomViewController.m in Sources */,
				053878261777D767001E60F6 /* NIAUIssue.m in Sources */,
				52CD5EEC17D8A6DC0038A70C /* NIAUCacheMethod.m in Sources */,
				05BB6B43180E1802000B2FD3 /* NIAUSearchViewController.m in Sources */,
				052167E4177BD6DF00A4A81A /* NIAUArticle.m in Sources */,
				52090A62178CF7D1002D5162 /* NIAUPublisher.m in Sources */,
				055A8EDF177290CF003D9407 /* NIAUViewController.m in Sources */,
				52CD5EE617D896240038A70C /* NIAUCache.m in Sources */,
				05287A24177983E400501F5F /* NIAUCell.m in Sources */,
				05424C391803BD7000399194 /* NIAULoginViewController.m in Sources */,
				05594CD618B80BC000536D4D /* NIAUInfoViewController.m in Sources */,
				05F856CF1864C67E001D1A75 /* NIAUArticleCategoryCell.m in Sources */,
				051AF559184ECE7D00A91A8C /* NIAUCategoriesViewController.m in Sources */,
				0577E07917FBF2B400A52A8E /* NIAUInAppPurchaseHelper.m in Sources */,
				05BC3CF018BE7B3C00769F81 /* NIAUHelper.m in Sources */,
				0550B50018A437C0002E09D4 /* NIAUWebsiteViewController.m in Sources */,
				0507DB6A177AA0F60099540D /* NIAUTableOfContentsViewController.m in Sources */,
				055A8ED2177290CF003D9407 /* main.m in Sources */,
				05287A23177983AD00501F5F /* NIAUMagazineArchiveViewController.m in Sources */,
				052167E7177BDF8900A4A81A /* NIAUArticleViewController.m in Sources */,
				05B910A0181632050027E5BF /* Reachability.m in Sources */,
				059FFCA0185026F100422824 /* NIAUCategoryViewController.m in Sources */,
				528FC17818344C86006BCB44 /* NSData+Cookieless.m in Sources */,
				055A8ED6177290CF003D9407 /* NIAUAppDelegate.m in Sources */,
			);
			runOnlyForDeploymentPostprocessing = 0;
		};
		055A8EE2177290CF003D9407 /* Sources */ = {
			isa = PBXSourcesBuildPhase;
			buildActionMask = 2147483647;
			files = (
				055A8EF4177290CF003D9407 /* New_Internationalist_Magazine_AustraliaTests.m in Sources */,
				52CD5EED17D8A6DC0038A70C /* NIAUCacheMethod.m in Sources */,
				52CD5EE717D896240038A70C /* NIAUCache.m in Sources */,
			);
			runOnlyForDeploymentPostprocessing = 0;
		};
		058E563A19C7424800D6AF66 /* Sources */ = {
			isa = PBXSourcesBuildPhase;
			buildActionMask = 2147483647;
			files = (
				058E564619C7424800D6AF66 /* TodayViewController.m in Sources */,
			);
			runOnlyForDeploymentPostprocessing = 0;
		};
/* End PBXSourcesBuildPhase section */

/* Begin PBXTargetDependency section */
		055A8EEC177290CF003D9407 /* PBXTargetDependency */ = {
			isa = PBXTargetDependency;
			target = 055A8EC1177290CE003D9407 /* New Internationalist Magazine Australia */;
			targetProxy = 055A8EEB177290CF003D9407 /* PBXContainerItemProxy */;
		};
		058E564A19C7424800D6AF66 /* PBXTargetDependency */ = {
			isa = PBXTargetDependency;
			target = 058E563D19C7424800D6AF66 /* New Internationalist Magazine Australia Extension */;
			targetProxy = 058E564919C7424800D6AF66 /* PBXContainerItemProxy */;
		};
		058E564D19C7424800D6AF66 /* PBXTargetDependency */ = {
			isa = PBXTargetDependency;
			target = 058E563D19C7424800D6AF66 /* New Internationalist Magazine Australia Extension */;
			targetProxy = 058E564C19C7424800D6AF66 /* PBXContainerItemProxy */;
		};
/* End PBXTargetDependency section */

/* Begin PBXVariantGroup section */
		053EB9011A0035F500058669 /* Localizable.strings */ = {
			isa = PBXVariantGroup;
			children = (
				053EB9001A0035F500058669 /* Base */,
				053EB9031A00367800058669 /* en-GB */,
				050C3C2B1A1E55DC00B4CA3D /* en-AU */,
				050C3C2E1A1E566800B4CA3D /* en-CA */,
			);
			name = Localizable.strings;
			path = "New Internationalist Magazine Australia";
			sourceTree = "<group>";
		};
		055A8ECE177290CE003D9407 /* InfoPlist.strings */ = {
			isa = PBXVariantGroup;
			children = (
				055A8ECF177290CE003D9407 /* en */,
				053EB8F31A002ABC00058669 /* en-GB */,
				053EB8F71A002DDA00058669 /* en-AU */,
				053EB8FB1A002EB600058669 /* en-US */,
				050C3C2F1A1E566900B4CA3D /* en-CA */,
			);
			name = InfoPlist.strings;
			sourceTree = "<group>";
		};
		055A8ED7177290CF003D9407 /* Main_iPhone.storyboard */ = {
			isa = PBXVariantGroup;
			children = (
				055A8ED8177290CF003D9407 /* Base */,
				053EB8F11A002ABC00058669 /* en-GB */,
				053EB8F51A002DDA00058669 /* en-AU */,
				053EB8F91A002EB600058669 /* en-US */,
				050C3C2C1A1E566800B4CA3D /* en-CA */,
			);
			name = Main_iPhone.storyboard;
			sourceTree = "<group>";
		};
		055A8EDA177290CF003D9407 /* Main_iPad.storyboard */ = {
			isa = PBXVariantGroup;
			children = (
				055A8EDB177290CF003D9407 /* Base */,
				053EB8F21A002ABC00058669 /* en-GB */,
				053EB8F61A002DDA00058669 /* en-AU */,
				053EB8FA1A002EB600058669 /* en-US */,
				050C3C2D1A1E566800B4CA3D /* en-CA */,
			);
			name = Main_iPad.storyboard;
			sourceTree = "<group>";
		};
		055A8EF0177290CF003D9407 /* InfoPlist.strings */ = {
			isa = PBXVariantGroup;
			children = (
				055A8EF1177290CF003D9407 /* en */,
				053EB8F41A002ABC00058669 /* en-GB */,
				053EB8F81A002DDA00058669 /* en-AU */,
				053EB8FC1A002EB600058669 /* en-US */,
				050C3C301A1E566900B4CA3D /* en-CA */,
			);
			name = InfoPlist.strings;
			sourceTree = "<group>";
		};
/* End PBXVariantGroup section */

/* Begin XCBuildConfiguration section */
		055A8EF5177290CF003D9407 /* Debug */ = {
			isa = XCBuildConfiguration;
			buildSettings = {
				ALWAYS_SEARCH_USER_PATHS = NO;
				CLANG_CXX_LANGUAGE_STANDARD = "gnu++0x";
				CLANG_CXX_LIBRARY = "libc++";
				CLANG_ENABLE_MODULES = YES;
				CLANG_ENABLE_OBJC_ARC = YES;
				CLANG_WARN_BOOL_CONVERSION = YES;
				CLANG_WARN_CONSTANT_CONVERSION = YES;
				CLANG_WARN_DIRECT_OBJC_ISA_USAGE = YES_ERROR;
				CLANG_WARN_EMPTY_BODY = YES;
				CLANG_WARN_ENUM_CONVERSION = YES;
				CLANG_WARN_INT_CONVERSION = YES;
				CLANG_WARN_OBJC_ROOT_CLASS = YES_ERROR;
				CLANG_WARN__DUPLICATE_METHOD_MATCH = YES;
				"CODE_SIGN_IDENTITY[sdk=iphoneos*]" = "iPhone Developer";
				COPY_PHASE_STRIP = NO;
				ENABLE_BITCODE = NO;
				ENABLE_TESTABILITY = YES;
				GCC_C_LANGUAGE_STANDARD = gnu99;
				GCC_DYNAMIC_NO_PIC = NO;
				GCC_OPTIMIZATION_LEVEL = 0;
				GCC_PREPROCESSOR_DEFINITIONS = (
					"DEBUG=1",
					"$(inherited)",
				);
				GCC_SYMBOLS_PRIVATE_EXTERN = NO;
				GCC_WARN_ABOUT_RETURN_TYPE = YES_ERROR;
				GCC_WARN_UNDECLARED_SELECTOR = YES;
				GCC_WARN_UNINITIALIZED_AUTOS = YES;
				GCC_WARN_UNUSED_FUNCTION = YES;
				GCC_WARN_UNUSED_VARIABLE = YES;
				IPHONEOS_DEPLOYMENT_TARGET = 7.0;
				ONLY_ACTIVE_ARCH = YES;
				SDKROOT = iphoneos;
				TARGETED_DEVICE_FAMILY = "1,2";
			};
			name = Debug;
		};
		055A8EF6177290CF003D9407 /* Release */ = {
			isa = XCBuildConfiguration;
			buildSettings = {
				ALWAYS_SEARCH_USER_PATHS = NO;
				CLANG_CXX_LANGUAGE_STANDARD = "gnu++0x";
				CLANG_CXX_LIBRARY = "libc++";
				CLANG_ENABLE_MODULES = YES;
				CLANG_ENABLE_OBJC_ARC = YES;
				CLANG_WARN_BOOL_CONVERSION = YES;
				CLANG_WARN_CONSTANT_CONVERSION = YES;
				CLANG_WARN_DIRECT_OBJC_ISA_USAGE = YES_ERROR;
				CLANG_WARN_EMPTY_BODY = YES;
				CLANG_WARN_ENUM_CONVERSION = YES;
				CLANG_WARN_INT_CONVERSION = YES;
				CLANG_WARN_OBJC_ROOT_CLASS = YES_ERROR;
				CLANG_WARN__DUPLICATE_METHOD_MATCH = YES;
				"CODE_SIGN_IDENTITY[sdk=iphoneos*]" = "iPhone Developer";
				COPY_PHASE_STRIP = YES;
				ENABLE_BITCODE = NO;
				ENABLE_NS_ASSERTIONS = NO;
				GCC_C_LANGUAGE_STANDARD = gnu99;
				GCC_WARN_ABOUT_RETURN_TYPE = YES_ERROR;
				GCC_WARN_UNDECLARED_SELECTOR = YES;
				GCC_WARN_UNINITIALIZED_AUTOS = YES;
				GCC_WARN_UNUSED_FUNCTION = YES;
				GCC_WARN_UNUSED_VARIABLE = YES;
				IPHONEOS_DEPLOYMENT_TARGET = 7.0;
				SDKROOT = iphoneos;
				TARGETED_DEVICE_FAMILY = "1,2";
				VALIDATE_PRODUCT = YES;
			};
			name = Release;
		};
		055A8EF8177290CF003D9407 /* Debug */ = {
			isa = XCBuildConfiguration;
			baseConfigurationReference = F74058D0BA6127810C7A455B /* Pods-New Internationalist Magazine Australia.debug.xcconfig */;
			buildSettings = {
				ASSETCATALOG_COMPILER_APPICON_NAME = AppIcon;
				ASSETCATALOG_COMPILER_LAUNCHIMAGE_NAME = LaunchImage;
				CODE_SIGN_ENTITLEMENTS = "New Internationalist Magazine Australia/New Internationalist Magazine Australia.entitlements";
				CODE_SIGN_IDENTITY = "iPhone Developer";
				"CODE_SIGN_IDENTITY[sdk=iphoneos*]" = "iPhone Developer";
				ENABLE_BITCODE = NO;
				FRAMEWORK_SEARCH_PATHS = (
					"$(inherited)",
					"/Users/simos/Coding/NI/New\\ Internationalist\\ Magazine\\ Australia",
					"$(PROJECT_DIR)",
					"$(SRCROOT)",
				);
				GCC_PRECOMPILE_PREFIX_HEADER = YES;
				GCC_PREFIX_HEADER = "New Internationalist Magazine Australia/New Internationalist Magazine Australia-Prefix.pch";
				INFOPLIST_FILE = "New Internationalist Magazine Australia/New Internationalist Magazine Australia-Info.plist";
				PRODUCT_BUNDLE_IDENTIFIER = "au.com.newint.$(PRODUCT_NAME:rfc1034identifier)";
				PRODUCT_NAME = "$(TARGET_NAME)";
				PROVISIONING_PROFILE = "";
				WRAPPER_EXTENSION = app;
			};
			name = Debug;
		};
		055A8EF9177290CF003D9407 /* Release */ = {
			isa = XCBuildConfiguration;
			baseConfigurationReference = 11457EDF389EAC7E6F3CDC39 /* Pods-New Internationalist Magazine Australia.release.xcconfig */;
			buildSettings = {
				ASSETCATALOG_COMPILER_APPICON_NAME = AppIcon;
				ASSETCATALOG_COMPILER_LAUNCHIMAGE_NAME = LaunchImage;
				CODE_SIGN_ENTITLEMENTS = "New Internationalist Magazine Australia/New Internationalist Magazine Australia.entitlements";
				CODE_SIGN_IDENTITY = "iPhone Developer";
				"CODE_SIGN_IDENTITY[sdk=iphoneos*]" = "iPhone Developer";
				ENABLE_BITCODE = NO;
				FRAMEWORK_SEARCH_PATHS = (
					"$(inherited)",
					"/Users/simos/Coding/NI/New\\ Internationalist\\ Magazine\\ Australia",
					"$(PROJECT_DIR)",
					"$(SRCROOT)",
				);
				GCC_PRECOMPILE_PREFIX_HEADER = YES;
				GCC_PREFIX_HEADER = "New Internationalist Magazine Australia/New Internationalist Magazine Australia-Prefix.pch";
				INFOPLIST_FILE = "New Internationalist Magazine Australia/New Internationalist Magazine Australia-Info.plist";
				PRODUCT_BUNDLE_IDENTIFIER = "au.com.newint.$(PRODUCT_NAME:rfc1034identifier)";
				PRODUCT_NAME = "$(TARGET_NAME)";
				PROVISIONING_PROFILE = "";
				WRAPPER_EXTENSION = app;
			};
			name = Release;
		};
		055A8EFB177290CF003D9407 /* Debug */ = {
			isa = XCBuildConfiguration;
			buildSettings = {
				BUNDLE_LOADER = "$(BUILT_PRODUCTS_DIR)/New Internationalist Magazine Australia.app/New Internationalist Magazine Australia";
				FRAMEWORK_SEARCH_PATHS = (
					"$(SDKROOT)/Developer/Library/Frameworks",
					"$(inherited)",
					"$(SYSTEM_APPS_DIR)/Xcode5-DP3.app/Contents/Developer/Library/Frameworks",
				);
				GCC_PRECOMPILE_PREFIX_HEADER = YES;
				GCC_PREFIX_HEADER = "New Internationalist Magazine Australia/New Internationalist Magazine Australia-Prefix.pch";
				INFOPLIST_FILE = "New Internationalist Magazine AustraliaTests/New Internationalist Magazine AustraliaTests-Info.plist";
				PRODUCT_BUNDLE_IDENTIFIER = "au.com.newint.${PRODUCT_NAME:rfc1034identifier}";
				PRODUCT_NAME = "$(TARGET_NAME)";
				TEST_HOST = "$(BUNDLE_LOADER)";
				WRAPPER_EXTENSION = xctest;
			};
			name = Debug;
		};
		055A8EFC177290CF003D9407 /* Release */ = {
			isa = XCBuildConfiguration;
			buildSettings = {
				BUNDLE_LOADER = "$(BUILT_PRODUCTS_DIR)/New Internationalist Magazine Australia.app/New Internationalist Magazine Australia";
				FRAMEWORK_SEARCH_PATHS = (
					"$(SDKROOT)/Developer/Library/Frameworks",
					"$(inherited)",
					"$(SYSTEM_APPS_DIR)/Xcode5-DP3.app/Contents/Developer/Library/Frameworks",
				);
				GCC_PRECOMPILE_PREFIX_HEADER = YES;
				GCC_PREFIX_HEADER = "New Internationalist Magazine Australia/New Internationalist Magazine Australia-Prefix.pch";
				INFOPLIST_FILE = "New Internationalist Magazine AustraliaTests/New Internationalist Magazine AustraliaTests-Info.plist";
				PRODUCT_BUNDLE_IDENTIFIER = "au.com.newint.${PRODUCT_NAME:rfc1034identifier}";
				PRODUCT_NAME = "$(TARGET_NAME)";
				TEST_HOST = "$(BUNDLE_LOADER)";
				WRAPPER_EXTENSION = xctest;
			};
			name = Release;
		};
		058E564E19C7424800D6AF66 /* Debug */ = {
			isa = XCBuildConfiguration;
			buildSettings = {
				CLANG_WARN_UNREACHABLE_CODE = YES;
				CODE_SIGN_ENTITLEMENTS = "New Internationalist Magazine Australia Extension/New Internationalist Magazine Australia Extension.entitlements";
				CODE_SIGN_IDENTITY = "iPhone Developer";
				"CODE_SIGN_IDENTITY[sdk=iphoneos*]" = "iPhone Developer";
				ENABLE_STRICT_OBJC_MSGSEND = YES;
				GCC_PREPROCESSOR_DEFINITIONS = (
					"DEBUG=1",
					"$(inherited)",
				);
				GCC_WARN_64_TO_32_BIT_CONVERSION = YES;
				GCC_WARN_UNINITIALIZED_AUTOS = YES_AGGRESSIVE;
				INFOPLIST_FILE = "New Internationalist Magazine Australia Extension/Info.plist";
				IPHONEOS_DEPLOYMENT_TARGET = 8.0;
				LD_RUNPATH_SEARCH_PATHS = "$(inherited) @executable_path/Frameworks @executable_path/../../Frameworks";
				MTL_ENABLE_DEBUG_INFO = YES;
				PRODUCT_BUNDLE_IDENTIFIER = "au.com.newint.New-Internationalist-Magazine-Australia.$(PRODUCT_NAME:rfc1034identifier)";
				PRODUCT_NAME = "$(TARGET_NAME)";
				PROVISIONING_PROFILE = "";
				SKIP_INSTALL = YES;
			};
			name = Debug;
		};
		058E564F19C7424800D6AF66 /* Release */ = {
			isa = XCBuildConfiguration;
			buildSettings = {
				CLANG_WARN_UNREACHABLE_CODE = YES;
				CODE_SIGN_ENTITLEMENTS = "New Internationalist Magazine Australia Extension/New Internationalist Magazine Australia Extension.entitlements";
				CODE_SIGN_IDENTITY = "iPhone Developer";
				"CODE_SIGN_IDENTITY[sdk=iphoneos*]" = "iPhone Developer";
				ENABLE_STRICT_OBJC_MSGSEND = YES;
				GCC_WARN_64_TO_32_BIT_CONVERSION = YES;
				GCC_WARN_UNINITIALIZED_AUTOS = YES_AGGRESSIVE;
				INFOPLIST_FILE = "New Internationalist Magazine Australia Extension/Info.plist";
				IPHONEOS_DEPLOYMENT_TARGET = 8.0;
				LD_RUNPATH_SEARCH_PATHS = "$(inherited) @executable_path/Frameworks @executable_path/../../Frameworks";
				MTL_ENABLE_DEBUG_INFO = NO;
				PRODUCT_BUNDLE_IDENTIFIER = "au.com.newint.New-Internationalist-Magazine-Australia.$(PRODUCT_NAME:rfc1034identifier)";
				PRODUCT_NAME = "$(TARGET_NAME)";
				PROVISIONING_PROFILE = "";
				SKIP_INSTALL = YES;
			};
			name = Release;
		};
/* End XCBuildConfiguration section */

/* Begin XCConfigurationList section */
		055A8EBD177290CE003D9407 /* Build configuration list for PBXProject "New Internationalist Magazine Australia" */ = {
			isa = XCConfigurationList;
			buildConfigurations = (
				055A8EF5177290CF003D9407 /* Debug */,
				055A8EF6177290CF003D9407 /* Release */,
			);
			defaultConfigurationIsVisible = 0;
			defaultConfigurationName = Release;
		};
		055A8EF7177290CF003D9407 /* Build configuration list for PBXNativeTarget "New Internationalist Magazine Australia" */ = {
			isa = XCConfigurationList;
			buildConfigurations = (
				055A8EF8177290CF003D9407 /* Debug */,
				055A8EF9177290CF003D9407 /* Release */,
			);
			defaultConfigurationIsVisible = 0;
			defaultConfigurationName = Release;
		};
		055A8EFA177290CF003D9407 /* Build configuration list for PBXNativeTarget "New Internationalist Magazine AustraliaTests" */ = {
			isa = XCConfigurationList;
			buildConfigurations = (
				055A8EFB177290CF003D9407 /* Debug */,
				055A8EFC177290CF003D9407 /* Release */,
			);
			defaultConfigurationIsVisible = 0;
			defaultConfigurationName = Release;
		};
		058E565019C7424800D6AF66 /* Build configuration list for PBXNativeTarget "New Internationalist Magazine Australia Extension" */ = {
			isa = XCConfigurationList;
			buildConfigurations = (
				058E564E19C7424800D6AF66 /* Debug */,
				058E564F19C7424800D6AF66 /* Release */,
			);
			defaultConfigurationIsVisible = 0;
			defaultConfigurationName = Release;
		};
/* End XCConfigurationList section */
	};
	rootObject = 055A8EBA177290CE003D9407 /* Project object */;
}
